// !$*UTF8*$!
{
	archiveVersion = 1;
	classes = {
	};
	objectVersion = 46;
	objects = {

/* Begin PBXBuildFile section */
		FC7A773B1A5F5F74009BCA50 /* AppDelegate.m in Sources */ = {isa = PBXBuildFile; fileRef = FC7A773A1A5F5F74009BCA50 /* AppDelegate.m */; };
		FC7A773D1A5F5F74009BCA50 /* main.m in Sources */ = {isa = PBXBuildFile; fileRef = FC7A773C1A5F5F74009BCA50 /* main.m */; };
		FC7A773F1A5F5F75009BCA50 /* Images.xcassets in Resources */ = {isa = PBXBuildFile; fileRef = FC7A773E1A5F5F75009BCA50 /* Images.xcassets */; };
		FC7A77421A5F5F75009BCA50 /* MainMenu.xib in Resources */ = {isa = PBXBuildFile; fileRef = FC7A77401A5F5F75009BCA50 /* MainMenu.xib */; };
		FC7A774E1A5F5F75009BCA50 /* AppMapMacExampleTests.m in Sources */ = {isa = PBXBuildFile; fileRef = FC7A774D1A5F5F75009BCA50 /* AppMapMacExampleTests.m */; };
		FC7A77591A5F6053009BCA50 /* AMWindow.m in Sources */ = {isa = PBXBuildFile; fileRef = FC7A77581A5F6053009BCA50 /* AMWindow.m */; };
		FC7A78EB1A6042EA009BCA50 /* AMColor+AMColor.m in Sources */ = {isa = PBXBuildFile; fileRef = FC7A78BA1A6042E9009BCA50 /* AMColor+AMColor.m */; };
		FC7A78EC1A6042EA009BCA50 /* AMComponent.m in Sources */ = {isa = PBXBuildFile; fileRef = FC7A78BD1A6042E9009BCA50 /* AMComponent.m */; };
		FC7A78ED1A6042EA009BCA50 /* AMComponentFactory.m in Sources */ = {isa = PBXBuildFile; fileRef = FC7A78BF1A6042E9009BCA50 /* AMComponentFactory.m */; };
		FC7A78EE1A6042EA009BCA50 /* AMTextComponent.m in Sources */ = {isa = PBXBuildFile; fileRef = FC7A78C11A6042E9009BCA50 /* AMTextComponent.m */; };
		FC7A78EF1A6042EA009BCA50 /* AMAppMap.m in Sources */ = {isa = PBXBuildFile; fileRef = FC7A78C41A6042E9009BCA50 /* AMAppMap.m */; };
		FC7A78F01A6042EA009BCA50 /* AMAnchoredBottomLayout.m in Sources */ = {isa = PBXBuildFile; fileRef = FC7A78C71A6042E9009BCA50 /* AMAnchoredBottomLayout.m */; };
		FC7A78F11A6042EA009BCA50 /* AMAnchoredBottomLeftLayout.m in Sources */ = {isa = PBXBuildFile; fileRef = FC7A78C91A6042E9009BCA50 /* AMAnchoredBottomLeftLayout.m */; };
		FC7A78F21A6042EA009BCA50 /* AMAnchoredBottomRightLayout.m in Sources */ = {isa = PBXBuildFile; fileRef = FC7A78CB1A6042E9009BCA50 /* AMAnchoredBottomRightLayout.m */; };
		FC7A78F31A6042EA009BCA50 /* AMAnchoredLeftLayout.m in Sources */ = {isa = PBXBuildFile; fileRef = FC7A78CD1A6042E9009BCA50 /* AMAnchoredLeftLayout.m */; };
		FC7A78F41A6042EA009BCA50 /* AMAnchoredRightLayout.m in Sources */ = {isa = PBXBuildFile; fileRef = FC7A78CF1A6042E9009BCA50 /* AMAnchoredRightLayout.m */; };
		FC7A78F51A6042EA009BCA50 /* AMAnchoredTopLayout.m in Sources */ = {isa = PBXBuildFile; fileRef = FC7A78D11A6042E9009BCA50 /* AMAnchoredTopLayout.m */; };
		FC7A78F61A6042EA009BCA50 /* AMAnchoredTopLeftLayout.m in Sources */ = {isa = PBXBuildFile; fileRef = FC7A78D31A6042E9009BCA50 /* AMAnchoredTopLeftLayout.m */; };
		FC7A78F71A6042EA009BCA50 /* AMAnchoredTopRightLayout.m in Sources */ = {isa = PBXBuildFile; fileRef = FC7A78D51A6042E9009BCA50 /* AMAnchoredTopRightLayout.m */; };
		FC7A78F81A6042EA009BCA50 /* AMExpandingLayout.m in Sources */ = {isa = PBXBuildFile; fileRef = FC7A78D71A6042E9009BCA50 /* AMExpandingLayout.m */; };
		FC7A78F91A6042EA009BCA50 /* AMLayout.m in Sources */ = {isa = PBXBuildFile; fileRef = FC7A78D91A6042E9009BCA50 /* AMLayout.m */; };
		FC7A78FA1A6042EA009BCA50 /* AMLayoutFactory.m in Sources */ = {isa = PBXBuildFile; fileRef = FC7A78DB1A6042E9009BCA50 /* AMLayoutFactory.m */; };
		FC7A78FB1A6042EA009BCA50 /* AMPositionLayout.m in Sources */ = {isa = PBXBuildFile; fileRef = FC7A78DD1A6042E9009BCA50 /* AMPositionLayout.m */; };
		FC7A78FC1A6042EA009BCA50 /* AMTextDescriptor.m in Sources */ = {isa = PBXBuildFile; fileRef = FC7A78E01A6042EA009BCA50 /* AMTextDescriptor.m */; };
		FC7A78FD1A6042EA009BCA50 /* AMCompositeTextDescriptor.m in Sources */ = {isa = PBXBuildFile; fileRef = FC7A78E21A6042EA009BCA50 /* AMCompositeTextDescriptor.m */; };
		FC7A79041A60434F009BCA50 /* NSColor+AppMap.m in Sources */ = {isa = PBXBuildFile; fileRef = FC7A79021A60434F009BCA50 /* NSColor+AppMap.m */; };
		FC7A790F1A60636F009BCA50 /* AMRuntimeLabel.m in Sources */ = {isa = PBXBuildFile; fileRef = FC7A790A1A60636F009BCA50 /* AMRuntimeLabel.m */; };
		FC7A79101A60636F009BCA50 /* AMRuntimeView.m in Sources */ = {isa = PBXBuildFile; fileRef = FC7A790C1A60636F009BCA50 /* AMRuntimeView.m */; };
		FC7A79111A60636F009BCA50 /* AMRuntimeViewHelper.m in Sources */ = {isa = PBXBuildFile; fileRef = FC7A790E1A60636F009BCA50 /* AMRuntimeViewHelper.m */; };
		FC7A79181A6063C5009BCA50 /* AMAppMapContainerFactory.m in Sources */ = {isa = PBXBuildFile; fileRef = FC7A79131A6063C5009BCA50 /* AMAppMapContainerFactory.m */; };
		FC7A79191A6063C5009BCA50 /* AMAppMapLabelFactory.m in Sources */ = {isa = PBXBuildFile; fileRef = FC7A79151A6063C5009BCA50 /* AMAppMapLabelFactory.m */; };
		FC7A791A1A6063C5009BCA50 /* AMAppMapViewFactory.m in Sources */ = {isa = PBXBuildFile; fileRef = FC7A79171A6063C5009BCA50 /* AMAppMapViewFactory.m */; };
		FC925F0E1A61546C005C9ECE /* rootView.dict in Resources */ = {isa = PBXBuildFile; fileRef = FC925F0D1A61546C005C9ECE /* rootView.dict */; };
/* End PBXBuildFile section */

/* Begin PBXContainerItemProxy section */
		FC7A77481A5F5F75009BCA50 /* PBXContainerItemProxy */ = {
			isa = PBXContainerItemProxy;
			containerPortal = FC7A772C1A5F5F74009BCA50 /* Project object */;
			proxyType = 1;
			remoteGlobalIDString = FC7A77331A5F5F74009BCA50;
			remoteInfo = AppMapMacExample;
		};
/* End PBXContainerItemProxy section */

/* Begin PBXFileReference section */
		FC7A77341A5F5F74009BCA50 /* AppMapMacExample.app */ = {isa = PBXFileReference; explicitFileType = wrapper.application; includeInIndex = 0; path = AppMapMacExample.app; sourceTree = BUILT_PRODUCTS_DIR; };
		FC7A77381A5F5F74009BCA50 /* Info.plist */ = {isa = PBXFileReference; lastKnownFileType = text.plist.xml; path = Info.plist; sourceTree = "<group>"; };
		FC7A77391A5F5F74009BCA50 /* AppDelegate.h */ = {isa = PBXFileReference; lastKnownFileType = sourcecode.c.h; path = AppDelegate.h; sourceTree = "<group>"; };
		FC7A773A1A5F5F74009BCA50 /* AppDelegate.m */ = {isa = PBXFileReference; lastKnownFileType = sourcecode.c.objc; path = AppDelegate.m; sourceTree = "<group>"; };
		FC7A773C1A5F5F74009BCA50 /* main.m */ = {isa = PBXFileReference; lastKnownFileType = sourcecode.c.objc; path = main.m; sourceTree = "<group>"; };
		FC7A773E1A5F5F75009BCA50 /* Images.xcassets */ = {isa = PBXFileReference; lastKnownFileType = folder.assetcatalog; path = Images.xcassets; sourceTree = "<group>"; };
		FC7A77411A5F5F75009BCA50 /* Base */ = {isa = PBXFileReference; lastKnownFileType = file.xib; name = Base; path = Base.lproj/MainMenu.xib; sourceTree = "<group>"; };
		FC7A77471A5F5F75009BCA50 /* AppMapMacExampleTests.xctest */ = {isa = PBXFileReference; explicitFileType = wrapper.cfbundle; includeInIndex = 0; path = AppMapMacExampleTests.xctest; sourceTree = BUILT_PRODUCTS_DIR; };
		FC7A774C1A5F5F75009BCA50 /* Info.plist */ = {isa = PBXFileReference; lastKnownFileType = text.plist.xml; path = Info.plist; sourceTree = "<group>"; };
		FC7A774D1A5F5F75009BCA50 /* AppMapMacExampleTests.m */ = {isa = PBXFileReference; lastKnownFileType = sourcecode.c.objc; path = AppMapMacExampleTests.m; sourceTree = "<group>"; };
		FC7A77571A5F6053009BCA50 /* AMWindow.h */ = {isa = PBXFileReference; fileEncoding = 4; lastKnownFileType = sourcecode.c.h; path = AMWindow.h; sourceTree = "<group>"; };
		FC7A77581A5F6053009BCA50 /* AMWindow.m */ = {isa = PBXFileReference; fileEncoding = 4; lastKnownFileType = sourcecode.c.objc; path = AMWindow.m; sourceTree = "<group>"; };
		FC7A78B71A6042E9009BCA50 /* AppMap.h */ = {isa = PBXFileReference; fileEncoding = 4; lastKnownFileType = sourcecode.c.h; path = AppMap.h; sourceTree = "<group>"; };
		FC7A78B91A6042E9009BCA50 /* AMColor+AMColor.h */ = {isa = PBXFileReference; fileEncoding = 4; lastKnownFileType = sourcecode.c.h; path = "AMColor+AMColor.h"; sourceTree = "<group>"; };
		FC7A78BA1A6042E9009BCA50 /* AMColor+AMColor.m */ = {isa = PBXFileReference; fileEncoding = 4; lastKnownFileType = sourcecode.c.objc; path = "AMColor+AMColor.m"; sourceTree = "<group>"; };
		FC7A78BC1A6042E9009BCA50 /* AMComponent.h */ = {isa = PBXFileReference; fileEncoding = 4; lastKnownFileType = sourcecode.c.h; path = AMComponent.h; sourceTree = "<group>"; };
		FC7A78BD1A6042E9009BCA50 /* AMComponent.m */ = {isa = PBXFileReference; fileEncoding = 4; lastKnownFileType = sourcecode.c.objc; path = AMComponent.m; sourceTree = "<group>"; };
		FC7A78BE1A6042E9009BCA50 /* AMComponentFactory.h */ = {isa = PBXFileReference; fileEncoding = 4; lastKnownFileType = sourcecode.c.h; path = AMComponentFactory.h; sourceTree = "<group>"; };
		FC7A78BF1A6042E9009BCA50 /* AMComponentFactory.m */ = {isa = PBXFileReference; fileEncoding = 4; lastKnownFileType = sourcecode.c.objc; path = AMComponentFactory.m; sourceTree = "<group>"; };
		FC7A78C01A6042E9009BCA50 /* AMTextComponent.h */ = {isa = PBXFileReference; fileEncoding = 4; lastKnownFileType = sourcecode.c.h; path = AMTextComponent.h; sourceTree = "<group>"; };
		FC7A78C11A6042E9009BCA50 /* AMTextComponent.m */ = {isa = PBXFileReference; fileEncoding = 4; lastKnownFileType = sourcecode.c.objc; path = AMTextComponent.m; sourceTree = "<group>"; };
		FC7A78C31A6042E9009BCA50 /* AMAppMap.h */ = {isa = PBXFileReference; fileEncoding = 4; lastKnownFileType = sourcecode.c.h; path = AMAppMap.h; sourceTree = "<group>"; };
		FC7A78C41A6042E9009BCA50 /* AMAppMap.m */ = {isa = PBXFileReference; fileEncoding = 4; lastKnownFileType = sourcecode.c.objc; path = AMAppMap.m; sourceTree = "<group>"; };
		FC7A78C61A6042E9009BCA50 /* AMAnchoredBottomLayout.h */ = {isa = PBXFileReference; fileEncoding = 4; lastKnownFileType = sourcecode.c.h; path = AMAnchoredBottomLayout.h; sourceTree = "<group>"; };
		FC7A78C71A6042E9009BCA50 /* AMAnchoredBottomLayout.m */ = {isa = PBXFileReference; fileEncoding = 4; lastKnownFileType = sourcecode.c.objc; path = AMAnchoredBottomLayout.m; sourceTree = "<group>"; };
		FC7A78C81A6042E9009BCA50 /* AMAnchoredBottomLeftLayout.h */ = {isa = PBXFileReference; fileEncoding = 4; lastKnownFileType = sourcecode.c.h; path = AMAnchoredBottomLeftLayout.h; sourceTree = "<group>"; };
		FC7A78C91A6042E9009BCA50 /* AMAnchoredBottomLeftLayout.m */ = {isa = PBXFileReference; fileEncoding = 4; lastKnownFileType = sourcecode.c.objc; path = AMAnchoredBottomLeftLayout.m; sourceTree = "<group>"; };
		FC7A78CA1A6042E9009BCA50 /* AMAnchoredBottomRightLayout.h */ = {isa = PBXFileReference; fileEncoding = 4; lastKnownFileType = sourcecode.c.h; path = AMAnchoredBottomRightLayout.h; sourceTree = "<group>"; };
		FC7A78CB1A6042E9009BCA50 /* AMAnchoredBottomRightLayout.m */ = {isa = PBXFileReference; fileEncoding = 4; lastKnownFileType = sourcecode.c.objc; path = AMAnchoredBottomRightLayout.m; sourceTree = "<group>"; };
		FC7A78CC1A6042E9009BCA50 /* AMAnchoredLeftLayout.h */ = {isa = PBXFileReference; fileEncoding = 4; lastKnownFileType = sourcecode.c.h; path = AMAnchoredLeftLayout.h; sourceTree = "<group>"; };
		FC7A78CD1A6042E9009BCA50 /* AMAnchoredLeftLayout.m */ = {isa = PBXFileReference; fileEncoding = 4; lastKnownFileType = sourcecode.c.objc; path = AMAnchoredLeftLayout.m; sourceTree = "<group>"; };
		FC7A78CE1A6042E9009BCA50 /* AMAnchoredRightLayout.h */ = {isa = PBXFileReference; fileEncoding = 4; lastKnownFileType = sourcecode.c.h; path = AMAnchoredRightLayout.h; sourceTree = "<group>"; };
		FC7A78CF1A6042E9009BCA50 /* AMAnchoredRightLayout.m */ = {isa = PBXFileReference; fileEncoding = 4; lastKnownFileType = sourcecode.c.objc; path = AMAnchoredRightLayout.m; sourceTree = "<group>"; };
		FC7A78D01A6042E9009BCA50 /* AMAnchoredTopLayout.h */ = {isa = PBXFileReference; fileEncoding = 4; lastKnownFileType = sourcecode.c.h; path = AMAnchoredTopLayout.h; sourceTree = "<group>"; };
		FC7A78D11A6042E9009BCA50 /* AMAnchoredTopLayout.m */ = {isa = PBXFileReference; fileEncoding = 4; lastKnownFileType = sourcecode.c.objc; path = AMAnchoredTopLayout.m; sourceTree = "<group>"; };
		FC7A78D21A6042E9009BCA50 /* AMAnchoredTopLeftLayout.h */ = {isa = PBXFileReference; fileEncoding = 4; lastKnownFileType = sourcecode.c.h; path = AMAnchoredTopLeftLayout.h; sourceTree = "<group>"; };
		FC7A78D31A6042E9009BCA50 /* AMAnchoredTopLeftLayout.m */ = {isa = PBXFileReference; fileEncoding = 4; lastKnownFileType = sourcecode.c.objc; path = AMAnchoredTopLeftLayout.m; sourceTree = "<group>"; };
		FC7A78D41A6042E9009BCA50 /* AMAnchoredTopRightLayout.h */ = {isa = PBXFileReference; fileEncoding = 4; lastKnownFileType = sourcecode.c.h; path = AMAnchoredTopRightLayout.h; sourceTree = "<group>"; };
		FC7A78D51A6042E9009BCA50 /* AMAnchoredTopRightLayout.m */ = {isa = PBXFileReference; fileEncoding = 4; lastKnownFileType = sourcecode.c.objc; path = AMAnchoredTopRightLayout.m; sourceTree = "<group>"; };
		FC7A78D61A6042E9009BCA50 /* AMExpandingLayout.h */ = {isa = PBXFileReference; fileEncoding = 4; lastKnownFileType = sourcecode.c.h; path = AMExpandingLayout.h; sourceTree = "<group>"; };
		FC7A78D71A6042E9009BCA50 /* AMExpandingLayout.m */ = {isa = PBXFileReference; fileEncoding = 4; lastKnownFileType = sourcecode.c.objc; path = AMExpandingLayout.m; sourceTree = "<group>"; };
		FC7A78D81A6042E9009BCA50 /* AMLayout.h */ = {isa = PBXFileReference; fileEncoding = 4; lastKnownFileType = sourcecode.c.h; path = AMLayout.h; sourceTree = "<group>"; };
		FC7A78D91A6042E9009BCA50 /* AMLayout.m */ = {isa = PBXFileReference; fileEncoding = 4; lastKnownFileType = sourcecode.c.objc; path = AMLayout.m; sourceTree = "<group>"; };
		FC7A78DA1A6042E9009BCA50 /* AMLayoutFactory.h */ = {isa = PBXFileReference; fileEncoding = 4; lastKnownFileType = sourcecode.c.h; path = AMLayoutFactory.h; sourceTree = "<group>"; };
		FC7A78DB1A6042E9009BCA50 /* AMLayoutFactory.m */ = {isa = PBXFileReference; fileEncoding = 4; lastKnownFileType = sourcecode.c.objc; path = AMLayoutFactory.m; sourceTree = "<group>"; };
		FC7A78DC1A6042E9009BCA50 /* AMPositionLayout.h */ = {isa = PBXFileReference; fileEncoding = 4; lastKnownFileType = sourcecode.c.h; path = AMPositionLayout.h; sourceTree = "<group>"; };
		FC7A78DD1A6042E9009BCA50 /* AMPositionLayout.m */ = {isa = PBXFileReference; fileEncoding = 4; lastKnownFileType = sourcecode.c.objc; path = AMPositionLayout.m; sourceTree = "<group>"; };
		FC7A78DF1A6042E9009BCA50 /* AMTextDescriptor.h */ = {isa = PBXFileReference; fileEncoding = 4; lastKnownFileType = sourcecode.c.h; path = AMTextDescriptor.h; sourceTree = "<group>"; };
		FC7A78E01A6042EA009BCA50 /* AMTextDescriptor.m */ = {isa = PBXFileReference; fileEncoding = 4; lastKnownFileType = sourcecode.c.objc; path = AMTextDescriptor.m; sourceTree = "<group>"; };
		FC7A78E11A6042EA009BCA50 /* AMCompositeTextDescriptor.h */ = {isa = PBXFileReference; fileEncoding = 4; lastKnownFileType = sourcecode.c.h; path = AMCompositeTextDescriptor.h; sourceTree = "<group>"; };
		FC7A78E21A6042EA009BCA50 /* AMCompositeTextDescriptor.m */ = {isa = PBXFileReference; fileEncoding = 4; lastKnownFileType = sourcecode.c.objc; path = AMCompositeTextDescriptor.m; sourceTree = "<group>"; };
		FC7A79021A60434F009BCA50 /* NSColor+AppMap.m */ = {isa = PBXFileReference; fileEncoding = 4; lastKnownFileType = sourcecode.c.objc; path = "NSColor+AppMap.m"; sourceTree = "<group>"; };
		FC7A79031A60434F009BCA50 /* NSColor+AppMap.h */ = {isa = PBXFileReference; fileEncoding = 4; lastKnownFileType = sourcecode.c.h; path = "NSColor+AppMap.h"; sourceTree = "<group>"; };
		FC7A79081A605F7B009BCA50 /* AppMapTypes.h */ = {isa = PBXFileReference; lastKnownFileType = sourcecode.c.h; path = AppMapTypes.h; sourceTree = "<group>"; };
		FC7A79091A60636F009BCA50 /* AMRuntimeLabel.h */ = {isa = PBXFileReference; fileEncoding = 4; lastKnownFileType = sourcecode.c.h; path = AMRuntimeLabel.h; sourceTree = "<group>"; };
		FC7A790A1A60636F009BCA50 /* AMRuntimeLabel.m */ = {isa = PBXFileReference; fileEncoding = 4; lastKnownFileType = sourcecode.c.objc; path = AMRuntimeLabel.m; sourceTree = "<group>"; };
		FC7A790B1A60636F009BCA50 /* AMRuntimeView.h */ = {isa = PBXFileReference; fileEncoding = 4; lastKnownFileType = sourcecode.c.h; path = AMRuntimeView.h; sourceTree = "<group>"; };
		FC7A790C1A60636F009BCA50 /* AMRuntimeView.m */ = {isa = PBXFileReference; fileEncoding = 4; lastKnownFileType = sourcecode.c.objc; path = AMRuntimeView.m; sourceTree = "<group>"; };
		FC7A790D1A60636F009BCA50 /* AMRuntimeViewHelper.h */ = {isa = PBXFileReference; fileEncoding = 4; lastKnownFileType = sourcecode.c.h; path = AMRuntimeViewHelper.h; sourceTree = "<group>"; };
		FC7A790E1A60636F009BCA50 /* AMRuntimeViewHelper.m */ = {isa = PBXFileReference; fileEncoding = 4; lastKnownFileType = sourcecode.c.objc; path = AMRuntimeViewHelper.m; sourceTree = "<group>"; };
		FC7A79121A6063C5009BCA50 /* AMAppMapContainerFactory.h */ = {isa = PBXFileReference; fileEncoding = 4; lastKnownFileType = sourcecode.c.h; path = AMAppMapContainerFactory.h; sourceTree = "<group>"; };
		FC7A79131A6063C5009BCA50 /* AMAppMapContainerFactory.m */ = {isa = PBXFileReference; fileEncoding = 4; lastKnownFileType = sourcecode.c.objc; path = AMAppMapContainerFactory.m; sourceTree = "<group>"; };
		FC7A79141A6063C5009BCA50 /* AMAppMapLabelFactory.h */ = {isa = PBXFileReference; fileEncoding = 4; lastKnownFileType = sourcecode.c.h; path = AMAppMapLabelFactory.h; sourceTree = "<group>"; };
		FC7A79151A6063C5009BCA50 /* AMAppMapLabelFactory.m */ = {isa = PBXFileReference; fileEncoding = 4; lastKnownFileType = sourcecode.c.objc; path = AMAppMapLabelFactory.m; sourceTree = "<group>"; };
		FC7A79161A6063C5009BCA50 /* AMAppMapViewFactory.h */ = {isa = PBXFileReference; fileEncoding = 4; lastKnownFileType = sourcecode.c.h; path = AMAppMapViewFactory.h; sourceTree = "<group>"; };
		FC7A79171A6063C5009BCA50 /* AMAppMapViewFactory.m */ = {isa = PBXFileReference; fileEncoding = 4; lastKnownFileType = sourcecode.c.objc; path = AMAppMapViewFactory.m; sourceTree = "<group>"; };
		FC925F0D1A61546C005C9ECE /* rootView.dict */ = {isa = PBXFileReference; fileEncoding = 4; lastKnownFileType = text.plist.xml; path = rootView.dict; sourceTree = "<group>"; };
/* End PBXFileReference section */

/* Begin PBXFrameworksBuildPhase section */
		FC7A77311A5F5F74009BCA50 /* Frameworks */ = {
			isa = PBXFrameworksBuildPhase;
			buildActionMask = 2147483647;
			files = (
			);
			runOnlyForDeploymentPostprocessing = 0;
		};
		FC7A77441A5F5F75009BCA50 /* Frameworks */ = {
			isa = PBXFrameworksBuildPhase;
			buildActionMask = 2147483647;
			files = (
			);
			runOnlyForDeploymentPostprocessing = 0;
		};
/* End PBXFrameworksBuildPhase section */

/* Begin PBXGroup section */
		52C29379DFE13F9DD4EC9621 /* Frameworks */ = {
			isa = PBXGroup;
			children = (
			);
			name = Frameworks;
			sourceTree = "<group>";
		};
		FC7A772B1A5F5F74009BCA50 = {
			isa = PBXGroup;
			children = (
				FC7A78FE1A6042ED009BCA50 /* AppMap */,
				FC7A77361A5F5F74009BCA50 /* AppMapMacExample */,
				FC7A774A1A5F5F75009BCA50 /* AppMapMacExampleTests */,
				FC7A77351A5F5F74009BCA50 /* Products */,
				52C29379DFE13F9DD4EC9621 /* Frameworks */,
			);
			sourceTree = "<group>";
		};
		FC7A77351A5F5F74009BCA50 /* Products */ = {
			isa = PBXGroup;
			children = (
				FC7A77341A5F5F74009BCA50 /* AppMapMacExample.app */,
				FC7A77471A5F5F75009BCA50 /* AppMapMacExampleTests.xctest */,
			);
			name = Products;
			sourceTree = "<group>";
		};
		FC7A77361A5F5F74009BCA50 /* AppMapMacExample */ = {
			isa = PBXGroup;
			children = (
				FC7A77391A5F5F74009BCA50 /* AppDelegate.h */,
				FC7A773A1A5F5F74009BCA50 /* AppDelegate.m */,
				FC925F0D1A61546C005C9ECE /* rootView.dict */,
				FC7A773E1A5F5F75009BCA50 /* Images.xcassets */,
				FC7A77401A5F5F75009BCA50 /* MainMenu.xib */,
				FC7A77571A5F6053009BCA50 /* AMWindow.h */,
				FC7A77581A5F6053009BCA50 /* AMWindow.m */,
				FC7A77371A5F5F74009BCA50 /* Supporting Files */,
			);
			path = AppMapMacExample;
			sourceTree = "<group>";
		};
		FC7A77371A5F5F74009BCA50 /* Supporting Files */ = {
			isa = PBXGroup;
			children = (
				FC7A77381A5F5F74009BCA50 /* Info.plist */,
				FC7A773C1A5F5F74009BCA50 /* main.m */,
			);
			name = "Supporting Files";
			sourceTree = "<group>";
		};
		FC7A774A1A5F5F75009BCA50 /* AppMapMacExampleTests */ = {
			isa = PBXGroup;
			children = (
				FC7A774D1A5F5F75009BCA50 /* AppMapMacExampleTests.m */,
				FC7A774B1A5F5F75009BCA50 /* Supporting Files */,
			);
			path = AppMapMacExampleTests;
			sourceTree = "<group>";
		};
		FC7A774B1A5F5F75009BCA50 /* Supporting Files */ = {
			isa = PBXGroup;
			children = (
				FC7A774C1A5F5F75009BCA50 /* Info.plist */,
			);
			name = "Supporting Files";
			sourceTree = "<group>";
		};
		FC7A78A31A6042E9009BCA50 /* osx */ = {
			isa = PBXGroup;
			children = (
				FC7A78A41A6042E9009BCA50 /* Categories */,
			);
			name = osx;
			path = ../../src/osx;
			sourceTree = "<group>";
		};
		FC7A78A41A6042E9009BCA50 /* Categories */ = {
			isa = PBXGroup;
			children = (
				FC7A79031A60434F009BCA50 /* NSColor+AppMap.h */,
				FC7A79021A60434F009BCA50 /* NSColor+AppMap.m */,
			);
			path = Categories;
			sourceTree = "<group>";
		};
		FC7A78B61A6042E9009BCA50 /* shared */ = {
			isa = PBXGroup;
			children = (
				FC7A78B71A6042E9009BCA50 /* AppMap.h */,
				FC7A79081A605F7B009BCA50 /* AppMapTypes.h */,
				FC7A78B81A6042E9009BCA50 /* Categories */,
				FC7A78BB1A6042E9009BCA50 /* Components */,
				FC7A78C21A6042E9009BCA50 /* Factory */,
				FC7A78C51A6042E9009BCA50 /* Layout */,
				FC7A78DE1A6042E9009BCA50 /* Utilities */,
				FC7A78E31A6042EA009BCA50 /* Views */,
			);
			name = shared;
			path = ../../src/shared;
			sourceTree = "<group>";
		};
		FC7A78B81A6042E9009BCA50 /* Categories */ = {
			isa = PBXGroup;
			children = (
				FC7A78B91A6042E9009BCA50 /* AMColor+AMColor.h */,
				FC7A78BA1A6042E9009BCA50 /* AMColor+AMColor.m */,
			);
			path = Categories;
			sourceTree = "<group>";
		};
		FC7A78BB1A6042E9009BCA50 /* Components */ = {
			isa = PBXGroup;
			children = (
				FC7A78BC1A6042E9009BCA50 /* AMComponent.h */,
				FC7A78BD1A6042E9009BCA50 /* AMComponent.m */,
				FC7A78BE1A6042E9009BCA50 /* AMComponentFactory.h */,
				FC7A78BF1A6042E9009BCA50 /* AMComponentFactory.m */,
				FC7A78C01A6042E9009BCA50 /* AMTextComponent.h */,
				FC7A78C11A6042E9009BCA50 /* AMTextComponent.m */,
			);
			path = Components;
			sourceTree = "<group>";
		};
		FC7A78C21A6042E9009BCA50 /* Factory */ = {
			isa = PBXGroup;
			children = (
				FC7A79121A6063C5009BCA50 /* AMAppMapContainerFactory.h */,
				FC7A79131A6063C5009BCA50 /* AMAppMapContainerFactory.m */,
				FC7A79141A6063C5009BCA50 /* AMAppMapLabelFactory.h */,
				FC7A79151A6063C5009BCA50 /* AMAppMapLabelFactory.m */,
				FC7A79161A6063C5009BCA50 /* AMAppMapViewFactory.h */,
				FC7A79171A6063C5009BCA50 /* AMAppMapViewFactory.m */,
				FC7A78C31A6042E9009BCA50 /* AMAppMap.h */,
				FC7A78C41A6042E9009BCA50 /* AMAppMap.m */,
			);
			path = Factory;
			sourceTree = "<group>";
		};
		FC7A78C51A6042E9009BCA50 /* Layout */ = {
			isa = PBXGroup;
			children = (
				FC7A78C61A6042E9009BCA50 /* AMAnchoredBottomLayout.h */,
				FC7A78C71A6042E9009BCA50 /* AMAnchoredBottomLayout.m */,
				FC7A78C81A6042E9009BCA50 /* AMAnchoredBottomLeftLayout.h */,
				FC7A78C91A6042E9009BCA50 /* AMAnchoredBottomLeftLayout.m */,
				FC7A78CA1A6042E9009BCA50 /* AMAnchoredBottomRightLayout.h */,
				FC7A78CB1A6042E9009BCA50 /* AMAnchoredBottomRightLayout.m */,
				FC7A78CC1A6042E9009BCA50 /* AMAnchoredLeftLayout.h */,
				FC7A78CD1A6042E9009BCA50 /* AMAnchoredLeftLayout.m */,
				FC7A78CE1A6042E9009BCA50 /* AMAnchoredRightLayout.h */,
				FC7A78CF1A6042E9009BCA50 /* AMAnchoredRightLayout.m */,
				FC7A78D01A6042E9009BCA50 /* AMAnchoredTopLayout.h */,
				FC7A78D11A6042E9009BCA50 /* AMAnchoredTopLayout.m */,
				FC7A78D21A6042E9009BCA50 /* AMAnchoredTopLeftLayout.h */,
				FC7A78D31A6042E9009BCA50 /* AMAnchoredTopLeftLayout.m */,
				FC7A78D41A6042E9009BCA50 /* AMAnchoredTopRightLayout.h */,
				FC7A78D51A6042E9009BCA50 /* AMAnchoredTopRightLayout.m */,
				FC7A78D61A6042E9009BCA50 /* AMExpandingLayout.h */,
				FC7A78D71A6042E9009BCA50 /* AMExpandingLayout.m */,
				FC7A78D81A6042E9009BCA50 /* AMLayout.h */,
				FC7A78D91A6042E9009BCA50 /* AMLayout.m */,
				FC7A78DA1A6042E9009BCA50 /* AMLayoutFactory.h */,
				FC7A78DB1A6042E9009BCA50 /* AMLayoutFactory.m */,
				FC7A78DC1A6042E9009BCA50 /* AMPositionLayout.h */,
				FC7A78DD1A6042E9009BCA50 /* AMPositionLayout.m */,
			);
			path = Layout;
			sourceTree = "<group>";
		};
		FC7A78DE1A6042E9009BCA50 /* Utilities */ = {
			isa = PBXGroup;
			children = (
				FC7A78DF1A6042E9009BCA50 /* AMTextDescriptor.h */,
				FC7A78E01A6042EA009BCA50 /* AMTextDescriptor.m */,
				FC7A78E11A6042EA009BCA50 /* AMCompositeTextDescriptor.h */,
				FC7A78E21A6042EA009BCA50 /* AMCompositeTextDescriptor.m */,
			);
			path = Utilities;
			sourceTree = "<group>";
		};
		FC7A78E31A6042EA009BCA50 /* Views */ = {
			isa = PBXGroup;
			children = (
				FC7A79091A60636F009BCA50 /* AMRuntimeLabel.h */,
				FC7A790A1A60636F009BCA50 /* AMRuntimeLabel.m */,
				FC7A790B1A60636F009BCA50 /* AMRuntimeView.h */,
				FC7A790C1A60636F009BCA50 /* AMRuntimeView.m */,
				FC7A790D1A60636F009BCA50 /* AMRuntimeViewHelper.h */,
				FC7A790E1A60636F009BCA50 /* AMRuntimeViewHelper.m */,
			);
			path = Views;
			sourceTree = "<group>";
		};
		FC7A78FE1A6042ED009BCA50 /* AppMap */ = {
			isa = PBXGroup;
			children = (
				FC7A78A31A6042E9009BCA50 /* osx */,
				FC7A78B61A6042E9009BCA50 /* shared */,
			);
			name = AppMap;
			sourceTree = "<group>";
		};
/* End PBXGroup section */

/* Begin PBXNativeTarget section */
		FC7A77331A5F5F74009BCA50 /* AppMapMacExample */ = {
			isa = PBXNativeTarget;
			buildConfigurationList = FC7A77511A5F5F75009BCA50 /* Build configuration list for PBXNativeTarget "AppMapMacExample" */;
			buildPhases = (
				FC7A77301A5F5F74009BCA50 /* Sources */,
				FC7A77311A5F5F74009BCA50 /* Frameworks */,
				FC7A77321A5F5F74009BCA50 /* Resources */,
			);
			buildRules = (
			);
			dependencies = (
			);
			name = AppMapMacExample;
			productName = AppMapMacExample;
			productReference = FC7A77341A5F5F74009BCA50 /* AppMapMacExample.app */;
			productType = "com.apple.product-type.application";
		};
		FC7A77461A5F5F75009BCA50 /* AppMapMacExampleTests */ = {
			isa = PBXNativeTarget;
			buildConfigurationList = FC7A77541A5F5F75009BCA50 /* Build configuration list for PBXNativeTarget "AppMapMacExampleTests" */;
			buildPhases = (
				FC7A77431A5F5F75009BCA50 /* Sources */,
				FC7A77441A5F5F75009BCA50 /* Frameworks */,
				FC7A77451A5F5F75009BCA50 /* Resources */,
			);
			buildRules = (
			);
			dependencies = (
				FC7A77491A5F5F75009BCA50 /* PBXTargetDependency */,
			);
			name = AppMapMacExampleTests;
			productName = AppMapMacExampleTests;
			productReference = FC7A77471A5F5F75009BCA50 /* AppMapMacExampleTests.xctest */;
			productType = "com.apple.product-type.bundle.unit-test";
		};
/* End PBXNativeTarget section */

/* Begin PBXProject section */
		FC7A772C1A5F5F74009BCA50 /* Project object */ = {
			isa = PBXProject;
			attributes = {
				LastUpgradeCheck = 0610;
				ORGANIZATIONNAME = "Pixelbleed LLC";
				TargetAttributes = {
					FC7A77331A5F5F74009BCA50 = {
						CreatedOnToolsVersion = 6.1.1;
					};
					FC7A77461A5F5F75009BCA50 = {
						CreatedOnToolsVersion = 6.1.1;
						TestTargetID = FC7A77331A5F5F74009BCA50;
					};
				};
			};
			buildConfigurationList = FC7A772F1A5F5F74009BCA50 /* Build configuration list for PBXProject "AppMapMacExample" */;
			compatibilityVersion = "Xcode 3.2";
			developmentRegion = English;
			hasScannedForEncodings = 0;
			knownRegions = (
				en,
				Base,
			);
			mainGroup = FC7A772B1A5F5F74009BCA50;
			productRefGroup = FC7A77351A5F5F74009BCA50 /* Products */;
			projectDirPath = "";
			projectRoot = "";
			targets = (
				FC7A77331A5F5F74009BCA50 /* AppMapMacExample */,
				FC7A77461A5F5F75009BCA50 /* AppMapMacExampleTests */,
			);
		};
/* End PBXProject section */

/* Begin PBXResourcesBuildPhase section */
		FC7A77321A5F5F74009BCA50 /* Resources */ = {
			isa = PBXResourcesBuildPhase;
			buildActionMask = 2147483647;
			files = (
				FC7A773F1A5F5F75009BCA50 /* Images.xcassets in Resources */,
				FC925F0E1A61546C005C9ECE /* rootView.dict in Resources */,
				FC7A77421A5F5F75009BCA50 /* MainMenu.xib in Resources */,
			);
			runOnlyForDeploymentPostprocessing = 0;
		};
		FC7A77451A5F5F75009BCA50 /* Resources */ = {
			isa = PBXResourcesBuildPhase;
			buildActionMask = 2147483647;
			files = (
			);
			runOnlyForDeploymentPostprocessing = 0;
		};
/* End PBXResourcesBuildPhase section */

/* Begin PBXSourcesBuildPhase section */
		FC7A77301A5F5F74009BCA50 /* Sources */ = {
			isa = PBXSourcesBuildPhase;
			buildActionMask = 2147483647;
			files = (
				FC7A79181A6063C5009BCA50 /* AMAppMapContainerFactory.m in Sources */,
				FC7A78F21A6042EA009BCA50 /* AMAnchoredBottomRightLayout.m in Sources */,
				FC7A78FC1A6042EA009BCA50 /* AMTextDescriptor.m in Sources */,
				FC7A77591A5F6053009BCA50 /* AMWindow.m in Sources */,
				FC7A78F51A6042EA009BCA50 /* AMAnchoredTopLayout.m in Sources */,
				FC7A78FB1A6042EA009BCA50 /* AMPositionLayout.m in Sources */,
				FC7A79191A6063C5009BCA50 /* AMAppMapLabelFactory.m in Sources */,
				FC7A78EB1A6042EA009BCA50 /* AMColor+AMColor.m in Sources */,
				FC7A79111A60636F009BCA50 /* AMRuntimeViewHelper.m in Sources */,
				FC7A78F71A6042EA009BCA50 /* AMAnchoredTopRightLayout.m in Sources */,
				FC7A78ED1A6042EA009BCA50 /* AMComponentFactory.m in Sources */,
				FC7A78FA1A6042EA009BCA50 /* AMLayoutFactory.m in Sources */,
				FC7A791A1A6063C5009BCA50 /* AMAppMapViewFactory.m in Sources */,
				FC7A78F41A6042EA009BCA50 /* AMAnchoredRightLayout.m in Sources */,
				FC7A78FD1A6042EA009BCA50 /* AMCompositeTextDescriptor.m in Sources */,
				FC7A78F01A6042EA009BCA50 /* AMAnchoredBottomLayout.m in Sources */,
				FC7A78EF1A6042EA009BCA50 /* AMAppMap.m in Sources */,
				FC7A79101A60636F009BCA50 /* AMRuntimeView.m in Sources */,
				FC7A78EE1A6042EA009BCA50 /* AMTextComponent.m in Sources */,
				FC7A78F61A6042EA009BCA50 /* AMAnchoredTopLeftLayout.m in Sources */,
				FC7A78F81A6042EA009BCA50 /* AMExpandingLayout.m in Sources */,
				FC7A790F1A60636F009BCA50 /* AMRuntimeLabel.m in Sources */,
				FC7A78F91A6042EA009BCA50 /* AMLayout.m in Sources */,
				FC7A773D1A5F5F74009BCA50 /* main.m in Sources */,
				FC7A78EC1A6042EA009BCA50 /* AMComponent.m in Sources */,
				FC7A78F11A6042EA009BCA50 /* AMAnchoredBottomLeftLayout.m in Sources */,
				FC7A78F31A6042EA009BCA50 /* AMAnchoredLeftLayout.m in Sources */,
				FC7A79041A60434F009BCA50 /* NSColor+AppMap.m in Sources */,
				FC7A773B1A5F5F74009BCA50 /* AppDelegate.m in Sources */,
			);
			runOnlyForDeploymentPostprocessing = 0;
		};
		FC7A77431A5F5F75009BCA50 /* Sources */ = {
			isa = PBXSourcesBuildPhase;
			buildActionMask = 2147483647;
			files = (
				FC7A774E1A5F5F75009BCA50 /* AppMapMacExampleTests.m in Sources */,
			);
			runOnlyForDeploymentPostprocessing = 0;
		};
/* End PBXSourcesBuildPhase section */

/* Begin PBXTargetDependency section */
		FC7A77491A5F5F75009BCA50 /* PBXTargetDependency */ = {
			isa = PBXTargetDependency;
			target = FC7A77331A5F5F74009BCA50 /* AppMapMacExample */;
			targetProxy = FC7A77481A5F5F75009BCA50 /* PBXContainerItemProxy */;
		};
/* End PBXTargetDependency section */

/* Begin PBXVariantGroup section */
		FC7A77401A5F5F75009BCA50 /* MainMenu.xib */ = {
			isa = PBXVariantGroup;
			children = (
				FC7A77411A5F5F75009BCA50 /* Base */,
			);
			name = MainMenu.xib;
			sourceTree = "<group>";
		};
/* End PBXVariantGroup section */

/* Begin XCBuildConfiguration section */
		FC7A774F1A5F5F75009BCA50 /* Debug */ = {
			isa = XCBuildConfiguration;
			buildSettings = {
				ALWAYS_SEARCH_USER_PATHS = NO;
				CLANG_CXX_LANGUAGE_STANDARD = "gnu++0x";
				CLANG_CXX_LIBRARY = "libc++";
				CLANG_ENABLE_MODULES = YES;
				CLANG_ENABLE_OBJC_ARC = YES;
				CLANG_WARN_BOOL_CONVERSION = YES;
				CLANG_WARN_CONSTANT_CONVERSION = YES;
				CLANG_WARN_DIRECT_OBJC_ISA_USAGE = YES_ERROR;
				CLANG_WARN_EMPTY_BODY = YES;
				CLANG_WARN_ENUM_CONVERSION = YES;
				CLANG_WARN_INT_CONVERSION = YES;
				CLANG_WARN_OBJC_ROOT_CLASS = YES_ERROR;
				CLANG_WARN_UNREACHABLE_CODE = YES;
				CLANG_WARN__DUPLICATE_METHOD_MATCH = YES;
				CODE_SIGN_IDENTITY = "-";
				COPY_PHASE_STRIP = NO;
				ENABLE_STRICT_OBJC_MSGSEND = YES;
				GCC_C_LANGUAGE_STANDARD = gnu99;
				GCC_DYNAMIC_NO_PIC = NO;
				GCC_OPTIMIZATION_LEVEL = 0;
				GCC_PREPROCESSOR_DEFINITIONS = (
					"DEBUG=1",
					"$(inherited)",
				);
				GCC_SYMBOLS_PRIVATE_EXTERN = NO;
				GCC_WARN_64_TO_32_BIT_CONVERSION = YES;
				GCC_WARN_ABOUT_RETURN_TYPE = YES_ERROR;
				GCC_WARN_UNDECLARED_SELECTOR = YES;
				GCC_WARN_UNINITIALIZED_AUTOS = YES_AGGRESSIVE;
				GCC_WARN_UNUSED_FUNCTION = YES;
				GCC_WARN_UNUSED_VARIABLE = YES;
				MACOSX_DEPLOYMENT_TARGET = 10.10;
				MTL_ENABLE_DEBUG_INFO = YES;
				ONLY_ACTIVE_ARCH = YES;
				SDKROOT = macosx;
			};
			name = Debug;
		};
		FC7A77501A5F5F75009BCA50 /* Release */ = {
			isa = XCBuildConfiguration;
			buildSettings = {
				ALWAYS_SEARCH_USER_PATHS = NO;
				CLANG_CXX_LANGUAGE_STANDARD = "gnu++0x";
				CLANG_CXX_LIBRARY = "libc++";
				CLANG_ENABLE_MODULES = YES;
				CLANG_ENABLE_OBJC_ARC = YES;
				CLANG_WARN_BOOL_CONVERSION = YES;
				CLANG_WARN_CONSTANT_CONVERSION = YES;
				CLANG_WARN_DIRECT_OBJC_ISA_USAGE = YES_ERROR;
				CLANG_WARN_EMPTY_BODY = YES;
				CLANG_WARN_ENUM_CONVERSION = YES;
				CLANG_WARN_INT_CONVERSION = YES;
				CLANG_WARN_OBJC_ROOT_CLASS = YES_ERROR;
				CLANG_WARN_UNREACHABLE_CODE = YES;
				CLANG_WARN__DUPLICATE_METHOD_MATCH = YES;
				CODE_SIGN_IDENTITY = "-";
				COPY_PHASE_STRIP = YES;
				DEBUG_INFORMATION_FORMAT = "dwarf-with-dsym";
				ENABLE_NS_ASSERTIONS = NO;
				ENABLE_STRICT_OBJC_MSGSEND = YES;
				GCC_C_LANGUAGE_STANDARD = gnu99;
				GCC_WARN_64_TO_32_BIT_CONVERSION = YES;
				GCC_WARN_ABOUT_RETURN_TYPE = YES_ERROR;
				GCC_WARN_UNDECLARED_SELECTOR = YES;
				GCC_WARN_UNINITIALIZED_AUTOS = YES_AGGRESSIVE;
				GCC_WARN_UNUSED_FUNCTION = YES;
				GCC_WARN_UNUSED_VARIABLE = YES;
				MACOSX_DEPLOYMENT_TARGET = 10.10;
				MTL_ENABLE_DEBUG_INFO = NO;
				SDKROOT = macosx;
			};
			name = Release;
		};
		FC7A77521A5F5F75009BCA50 /* Debug */ = {
			isa = XCBuildConfiguration;
			buildSettings = {
				ASSETCATALOG_COMPILER_APPICON_NAME = AppIcon;
				COMBINE_HIDPI_IMAGES = YES;
				INFOPLIST_FILE = AppMapMacExample/Info.plist;
				LD_RUNPATH_SEARCH_PATHS = "$(inherited) @executable_path/../Frameworks";
				PRODUCT_NAME = "$(TARGET_NAME)";
			};
			name = Debug;
		};
		FC7A77531A5F5F75009BCA50 /* Release */ = {
			isa = XCBuildConfiguration;
			buildSettings = {
				ASSETCATALOG_COMPILER_APPICON_NAME = AppIcon;
				COMBINE_HIDPI_IMAGES = YES;
				INFOPLIST_FILE = AppMapMacExample/Info.plist;
				LD_RUNPATH_SEARCH_PATHS = "$(inherited) @executable_path/../Frameworks";
				PRODUCT_NAME = "$(TARGET_NAME)";
			};
			name = Release;
		};
		FC7A77551A5F5F75009BCA50 /* Debug */ = {
			isa = XCBuildConfiguration;
			buildSettings = {
				BUNDLE_LOADER = "$(TEST_HOST)";
				COMBINE_HIDPI_IMAGES = YES;
				FRAMEWORK_SEARCH_PATHS = (
					"$(DEVELOPER_FRAMEWORKS_DIR)",
					"$(inherited)",
				);
				GCC_PREPROCESSOR_DEFINITIONS = (
					"DEBUG=1",
					"$(inherited)",
				);
				INFOPLIST_FILE = AppMapMacExampleTests/Info.plist;
				LD_RUNPATH_SEARCH_PATHS = "$(inherited) @executable_path/../Frameworks @loader_path/../Frameworks";
				PRODUCT_NAME = "$(TARGET_NAME)";
				TEST_HOST = "$(BUILT_PRODUCTS_DIR)/AppMapMacExample.app/Contents/MacOS/AppMapMacExample";
			};
			name = Debug;
		};
		FC7A77561A5F5F75009BCA50 /* Release */ = {
			isa = XCBuildConfiguration;
			buildSettings = {
				BUNDLE_LOADER = "$(TEST_HOST)";
				COMBINE_HIDPI_IMAGES = YES;
				FRAMEWORK_SEARCH_PATHS = (
					"$(DEVELOPER_FRAMEWORKS_DIR)",
					"$(inherited)",
				);
				INFOPLIST_FILE = AppMapMacExampleTests/Info.plist;
				LD_RUNPATH_SEARCH_PATHS = "$(inherited) @executable_path/../Frameworks @loader_path/../Frameworks";
				PRODUCT_NAME = "$(TARGET_NAME)";
				TEST_HOST = "$(BUILT_PRODUCTS_DIR)/AppMapMacExample.app/Contents/MacOS/AppMapMacExample";
			};
			name = Release;
		};
/* End XCBuildConfiguration section */

/* Begin XCConfigurationList section */
		FC7A772F1A5F5F74009BCA50 /* Build configuration list for PBXProject "AppMapMacExample" */ = {
			isa = XCConfigurationList;
			buildConfigurations = (
				FC7A774F1A5F5F75009BCA50 /* Debug */,
				FC7A77501A5F5F75009BCA50 /* Release */,
			);
			defaultConfigurationIsVisible = 0;
			defaultConfigurationName = Release;
		};
		FC7A77511A5F5F75009BCA50 /* Build configuration list for PBXNativeTarget "AppMapMacExample" */ = {
			isa = XCConfigurationList;
			buildConfigurations = (
				FC7A77521A5F5F75009BCA50 /* Debug */,
				FC7A77531A5F5F75009BCA50 /* Release */,
			);
			defaultConfigurationIsVisible = 0;
			defaultConfigurationName = Release;
		};
		FC7A77541A5F5F75009BCA50 /* Build configuration list for PBXNativeTarget "AppMapMacExampleTests" */ = {
			isa = XCConfigurationList;
			buildConfigurations = (
				FC7A77551A5F5F75009BCA50 /* Debug */,
				FC7A77561A5F5F75009BCA50 /* Release */,
			);
			defaultConfigurationIsVisible = 0;
			defaultConfigurationName = Release;
		};
/* End XCConfigurationList section */
	};
	rootObject = FC7A772C1A5F5F74009BCA50 /* Project object */;
}
