// !$*UTF8*$!
{
	archiveVersion = 1;
	classes = {
	};
	objectVersion = 46;
	objects = {

/* Begin PBXBuildFile section */
		FC7A78231A6035C3009BCA50 /* main.m in Sources */ = {isa = PBXBuildFile; fileRef = FC7A78221A6035C3009BCA50 /* main.m */; };
		FC7A78261A6035C3009BCA50 /* AppDelegate.m in Sources */ = {isa = PBXBuildFile; fileRef = FC7A78251A6035C3009BCA50 /* AppDelegate.m */; };
		FC7A78291A6035C3009BCA50 /* ViewController.m in Sources */ = {isa = PBXBuildFile; fileRef = FC7A78281A6035C3009BCA50 /* ViewController.m */; };
		FC7A782C1A6035C3009BCA50 /* Main.storyboard in Resources */ = {isa = PBXBuildFile; fileRef = FC7A782A1A6035C3009BCA50 /* Main.storyboard */; };
		FC7A782E1A6035C3009BCA50 /* Images.xcassets in Resources */ = {isa = PBXBuildFile; fileRef = FC7A782D1A6035C3009BCA50 /* Images.xcassets */; };
		FC7A78311A6035C3009BCA50 /* LaunchScreen.xib in Resources */ = {isa = PBXBuildFile; fileRef = FC7A782F1A6035C3009BCA50 /* LaunchScreen.xib */; };
		FC7A783D1A6035C3009BCA50 /* AppMapExampleTests.m in Sources */ = {isa = PBXBuildFile; fileRef = FC7A783C1A6035C3009BCA50 /* AppMapExampleTests.m */; };
		FC7A79011A604346009BCA50 /* UIColor+AppMap.m in Sources */ = {isa = PBXBuildFile; fileRef = FC7A79001A604346009BCA50 /* UIColor+AppMap.m */; };
		FC7A79591A6064F2009BCA50 /* AMColor+AMColor.m in Sources */ = {isa = PBXBuildFile; fileRef = FC7A79231A6064F2009BCA50 /* AMColor+AMColor.m */; };
		FC7A795A1A6064F2009BCA50 /* AMComponent.m in Sources */ = {isa = PBXBuildFile; fileRef = FC7A79261A6064F2009BCA50 /* AMComponent.m */; };
		FC7A795B1A6064F2009BCA50 /* AMComponentFactory.m in Sources */ = {isa = PBXBuildFile; fileRef = FC7A79281A6064F2009BCA50 /* AMComponentFactory.m */; };
		FC7A795C1A6064F2009BCA50 /* AMTextComponent.m in Sources */ = {isa = PBXBuildFile; fileRef = FC7A792A1A6064F2009BCA50 /* AMTextComponent.m */; };
		FC7A795D1A6064F2009BCA50 /* AMAppMap.m in Sources */ = {isa = PBXBuildFile; fileRef = FC7A792D1A6064F2009BCA50 /* AMAppMap.m */; };
		FC7A795E1A6064F2009BCA50 /* AMAppMapContainerFactory.m in Sources */ = {isa = PBXBuildFile; fileRef = FC7A792F1A6064F2009BCA50 /* AMAppMapContainerFactory.m */; };
		FC7A795F1A6064F2009BCA50 /* AMAppMapLabelFactory.m in Sources */ = {isa = PBXBuildFile; fileRef = FC7A79311A6064F2009BCA50 /* AMAppMapLabelFactory.m */; };
		FC7A79601A6064F2009BCA50 /* AMAppMapViewFactory.m in Sources */ = {isa = PBXBuildFile; fileRef = FC7A79331A6064F2009BCA50 /* AMAppMapViewFactory.m */; };
		FC7A79611A6064F2009BCA50 /* AMAnchoredBottomLayout.m in Sources */ = {isa = PBXBuildFile; fileRef = FC7A79361A6064F2009BCA50 /* AMAnchoredBottomLayout.m */; };
		FC7A79621A6064F2009BCA50 /* AMAnchoredBottomLeftLayout.m in Sources */ = {isa = PBXBuildFile; fileRef = FC7A79381A6064F2009BCA50 /* AMAnchoredBottomLeftLayout.m */; };
		FC7A79631A6064F2009BCA50 /* AMAnchoredBottomRightLayout.m in Sources */ = {isa = PBXBuildFile; fileRef = FC7A793A1A6064F2009BCA50 /* AMAnchoredBottomRightLayout.m */; };
		FC7A79641A6064F2009BCA50 /* AMAnchoredLeftLayout.m in Sources */ = {isa = PBXBuildFile; fileRef = FC7A793C1A6064F2009BCA50 /* AMAnchoredLeftLayout.m */; };
		FC7A79651A6064F2009BCA50 /* AMAnchoredRightLayout.m in Sources */ = {isa = PBXBuildFile; fileRef = FC7A793E1A6064F2009BCA50 /* AMAnchoredRightLayout.m */; };
		FC7A79661A6064F2009BCA50 /* AMAnchoredTopLayout.m in Sources */ = {isa = PBXBuildFile; fileRef = FC7A79401A6064F2009BCA50 /* AMAnchoredTopLayout.m */; };
		FC7A79671A6064F2009BCA50 /* AMAnchoredTopLeftLayout.m in Sources */ = {isa = PBXBuildFile; fileRef = FC7A79421A6064F2009BCA50 /* AMAnchoredTopLeftLayout.m */; };
		FC7A79681A6064F2009BCA50 /* AMAnchoredTopRightLayout.m in Sources */ = {isa = PBXBuildFile; fileRef = FC7A79441A6064F2009BCA50 /* AMAnchoredTopRightLayout.m */; };
		FC7A79691A6064F2009BCA50 /* AMExpandingLayout.m in Sources */ = {isa = PBXBuildFile; fileRef = FC7A79461A6064F2009BCA50 /* AMExpandingLayout.m */; };
		FC7A796A1A6064F2009BCA50 /* AMLayout.m in Sources */ = {isa = PBXBuildFile; fileRef = FC7A79481A6064F2009BCA50 /* AMLayout.m */; };
		FC7A796B1A6064F2009BCA50 /* AMLayoutFactory.m in Sources */ = {isa = PBXBuildFile; fileRef = FC7A794A1A6064F2009BCA50 /* AMLayoutFactory.m */; };
		FC7A796C1A6064F2009BCA50 /* AMPositionLayout.m in Sources */ = {isa = PBXBuildFile; fileRef = FC7A794C1A6064F2009BCA50 /* AMPositionLayout.m */; };
		FC7A796D1A6064F2009BCA50 /* AMCompositeTextDescriptor.m in Sources */ = {isa = PBXBuildFile; fileRef = FC7A794F1A6064F2009BCA50 /* AMCompositeTextDescriptor.m */; };
		FC7A796E1A6064F2009BCA50 /* AMTextDescriptor.m in Sources */ = {isa = PBXBuildFile; fileRef = FC7A79511A6064F2009BCA50 /* AMTextDescriptor.m */; };
		FC7A796F1A6064F2009BCA50 /* AMRuntimeLabel.m in Sources */ = {isa = PBXBuildFile; fileRef = FC7A79541A6064F2009BCA50 /* AMRuntimeLabel.m */; };
		FC7A79701A6064F2009BCA50 /* AMRuntimeView.m in Sources */ = {isa = PBXBuildFile; fileRef = FC7A79561A6064F2009BCA50 /* AMRuntimeView.m */; };
		FC7A79711A6064F2009BCA50 /* AMRuntimeViewHelper.m in Sources */ = {isa = PBXBuildFile; fileRef = FC7A79581A6064F2009BCA50 /* AMRuntimeViewHelper.m */; };
		FC925F0C1A615463005C9ECE /* rootView.dict in Resources */ = {isa = PBXBuildFile; fileRef = FC925F0B1A615463005C9ECE /* rootView.dict */; };
		FC92600D1A618CC4005C9ECE /* _PBContainer1View.m in Sources */ = {isa = PBXBuildFile; fileRef = FC925FFA1A618CC4005C9ECE /* _PBContainer1View.m */; };
		FC92600E1A618CC4005C9ECE /* PBContainer1View.m in Sources */ = {isa = PBXBuildFile; fileRef = FC925FFC1A618CC4005C9ECE /* PBContainer1View.m */; };
		FC92600F1A618CC4005C9ECE /* _PBContainer2View.m in Sources */ = {isa = PBXBuildFile; fileRef = FC9260001A618CC4005C9ECE /* _PBContainer2View.m */; };
		FC9260101A618CC4005C9ECE /* PBContainer2View.m in Sources */ = {isa = PBXBuildFile; fileRef = FC9260021A618CC4005C9ECE /* PBContainer2View.m */; };
		FC9260111A618CC4005C9ECE /* _PBContainer0ViewController.m in Sources */ = {isa = PBXBuildFile; fileRef = FC9260051A618CC4005C9ECE /* _PBContainer0ViewController.m */; };
		FC9260121A618CC4005C9ECE /* PBContainer0ViewController.m in Sources */ = {isa = PBXBuildFile; fileRef = FC9260071A618CC4005C9ECE /* PBContainer0ViewController.m */; };
		FC9260131A618CC4005C9ECE /* _PBContainer0View.m in Sources */ = {isa = PBXBuildFile; fileRef = FC92600A1A618CC4005C9ECE /* _PBContainer0View.m */; };
		FC9260141A618CC4005C9ECE /* PBContainer0View.m in Sources */ = {isa = PBXBuildFile; fileRef = FC92600C1A618CC4005C9ECE /* PBContainer0View.m */; };
/* End PBXBuildFile section */

/* Begin PBXContainerItemProxy section */
		FC7A78371A6035C3009BCA50 /* PBXContainerItemProxy */ = {
			isa = PBXContainerItemProxy;
			containerPortal = FC7A78151A6035C3009BCA50 /* Project object */;
			proxyType = 1;
			remoteGlobalIDString = FC7A781C1A6035C3009BCA50;
			remoteInfo = AppMapExample;
		};
/* End PBXContainerItemProxy section */

/* Begin PBXFileReference section */
		FC7A781D1A6035C3009BCA50 /* AppMapExample.app */ = {isa = PBXFileReference; explicitFileType = wrapper.application; includeInIndex = 0; path = AppMapExample.app; sourceTree = BUILT_PRODUCTS_DIR; };
		FC7A78211A6035C3009BCA50 /* Info.plist */ = {isa = PBXFileReference; lastKnownFileType = text.plist.xml; path = Info.plist; sourceTree = "<group>"; };
		FC7A78221A6035C3009BCA50 /* main.m */ = {isa = PBXFileReference; lastKnownFileType = sourcecode.c.objc; path = main.m; sourceTree = "<group>"; };
		FC7A78241A6035C3009BCA50 /* AppDelegate.h */ = {isa = PBXFileReference; lastKnownFileType = sourcecode.c.h; path = AppDelegate.h; sourceTree = "<group>"; };
		FC7A78251A6035C3009BCA50 /* AppDelegate.m */ = {isa = PBXFileReference; lastKnownFileType = sourcecode.c.objc; path = AppDelegate.m; sourceTree = "<group>"; };
		FC7A78271A6035C3009BCA50 /* ViewController.h */ = {isa = PBXFileReference; lastKnownFileType = sourcecode.c.h; path = ViewController.h; sourceTree = "<group>"; };
		FC7A78281A6035C3009BCA50 /* ViewController.m */ = {isa = PBXFileReference; lastKnownFileType = sourcecode.c.objc; path = ViewController.m; sourceTree = "<group>"; };
		FC7A782B1A6035C3009BCA50 /* Base */ = {isa = PBXFileReference; lastKnownFileType = file.storyboard; name = Base; path = Base.lproj/Main.storyboard; sourceTree = "<group>"; };
		FC7A782D1A6035C3009BCA50 /* Images.xcassets */ = {isa = PBXFileReference; lastKnownFileType = folder.assetcatalog; path = Images.xcassets; sourceTree = "<group>"; };
		FC7A78301A6035C3009BCA50 /* Base */ = {isa = PBXFileReference; lastKnownFileType = file.xib; name = Base; path = Base.lproj/LaunchScreen.xib; sourceTree = "<group>"; };
		FC7A78361A6035C3009BCA50 /* AppMapExampleTests.xctest */ = {isa = PBXFileReference; explicitFileType = wrapper.cfbundle; includeInIndex = 0; path = AppMapExampleTests.xctest; sourceTree = BUILT_PRODUCTS_DIR; };
		FC7A783B1A6035C3009BCA50 /* Info.plist */ = {isa = PBXFileReference; lastKnownFileType = text.plist.xml; path = Info.plist; sourceTree = "<group>"; };
		FC7A783C1A6035C3009BCA50 /* AppMapExampleTests.m */ = {isa = PBXFileReference; lastKnownFileType = sourcecode.c.objc; path = AppMapExampleTests.m; sourceTree = "<group>"; };
		FC7A78FF1A604346009BCA50 /* UIColor+AppMap.h */ = {isa = PBXFileReference; fileEncoding = 4; lastKnownFileType = sourcecode.c.h; path = "UIColor+AppMap.h"; sourceTree = "<group>"; };
		FC7A79001A604346009BCA50 /* UIColor+AppMap.m */ = {isa = PBXFileReference; fileEncoding = 4; lastKnownFileType = sourcecode.c.objc; path = "UIColor+AppMap.m"; sourceTree = "<group>"; };
		FC7A791F1A6064F2009BCA50 /* AppMap.h */ = {isa = PBXFileReference; fileEncoding = 4; lastKnownFileType = sourcecode.c.h; path = AppMap.h; sourceTree = "<group>"; };
		FC7A79201A6064F2009BCA50 /* AppMapTypes.h */ = {isa = PBXFileReference; fileEncoding = 4; lastKnownFileType = sourcecode.c.h; path = AppMapTypes.h; sourceTree = "<group>"; };
		FC7A79221A6064F2009BCA50 /* AMColor+AMColor.h */ = {isa = PBXFileReference; fileEncoding = 4; lastKnownFileType = sourcecode.c.h; path = "AMColor+AMColor.h"; sourceTree = "<group>"; };
		FC7A79231A6064F2009BCA50 /* AMColor+AMColor.m */ = {isa = PBXFileReference; fileEncoding = 4; lastKnownFileType = sourcecode.c.objc; path = "AMColor+AMColor.m"; sourceTree = "<group>"; };
		FC7A79251A6064F2009BCA50 /* AMComponent.h */ = {isa = PBXFileReference; fileEncoding = 4; lastKnownFileType = sourcecode.c.h; path = AMComponent.h; sourceTree = "<group>"; };
		FC7A79261A6064F2009BCA50 /* AMComponent.m */ = {isa = PBXFileReference; fileEncoding = 4; lastKnownFileType = sourcecode.c.objc; path = AMComponent.m; sourceTree = "<group>"; };
		FC7A79271A6064F2009BCA50 /* AMComponentFactory.h */ = {isa = PBXFileReference; fileEncoding = 4; lastKnownFileType = sourcecode.c.h; path = AMComponentFactory.h; sourceTree = "<group>"; };
		FC7A79281A6064F2009BCA50 /* AMComponentFactory.m */ = {isa = PBXFileReference; fileEncoding = 4; lastKnownFileType = sourcecode.c.objc; path = AMComponentFactory.m; sourceTree = "<group>"; };
		FC7A79291A6064F2009BCA50 /* AMTextComponent.h */ = {isa = PBXFileReference; fileEncoding = 4; lastKnownFileType = sourcecode.c.h; path = AMTextComponent.h; sourceTree = "<group>"; };
		FC7A792A1A6064F2009BCA50 /* AMTextComponent.m */ = {isa = PBXFileReference; fileEncoding = 4; lastKnownFileType = sourcecode.c.objc; path = AMTextComponent.m; sourceTree = "<group>"; };
		FC7A792C1A6064F2009BCA50 /* AMAppMap.h */ = {isa = PBXFileReference; fileEncoding = 4; lastKnownFileType = sourcecode.c.h; path = AMAppMap.h; sourceTree = "<group>"; };
		FC7A792D1A6064F2009BCA50 /* AMAppMap.m */ = {isa = PBXFileReference; fileEncoding = 4; lastKnownFileType = sourcecode.c.objc; path = AMAppMap.m; sourceTree = "<group>"; };
		FC7A792E1A6064F2009BCA50 /* AMAppMapContainerFactory.h */ = {isa = PBXFileReference; fileEncoding = 4; lastKnownFileType = sourcecode.c.h; path = AMAppMapContainerFactory.h; sourceTree = "<group>"; };
		FC7A792F1A6064F2009BCA50 /* AMAppMapContainerFactory.m */ = {isa = PBXFileReference; fileEncoding = 4; lastKnownFileType = sourcecode.c.objc; path = AMAppMapContainerFactory.m; sourceTree = "<group>"; };
		FC7A79301A6064F2009BCA50 /* AMAppMapLabelFactory.h */ = {isa = PBXFileReference; fileEncoding = 4; lastKnownFileType = sourcecode.c.h; path = AMAppMapLabelFactory.h; sourceTree = "<group>"; };
		FC7A79311A6064F2009BCA50 /* AMAppMapLabelFactory.m */ = {isa = PBXFileReference; fileEncoding = 4; lastKnownFileType = sourcecode.c.objc; path = AMAppMapLabelFactory.m; sourceTree = "<group>"; };
		FC7A79321A6064F2009BCA50 /* AMAppMapViewFactory.h */ = {isa = PBXFileReference; fileEncoding = 4; lastKnownFileType = sourcecode.c.h; path = AMAppMapViewFactory.h; sourceTree = "<group>"; };
		FC7A79331A6064F2009BCA50 /* AMAppMapViewFactory.m */ = {isa = PBXFileReference; fileEncoding = 4; lastKnownFileType = sourcecode.c.objc; path = AMAppMapViewFactory.m; sourceTree = "<group>"; };
		FC7A79351A6064F2009BCA50 /* AMAnchoredBottomLayout.h */ = {isa = PBXFileReference; fileEncoding = 4; lastKnownFileType = sourcecode.c.h; path = AMAnchoredBottomLayout.h; sourceTree = "<group>"; };
		FC7A79361A6064F2009BCA50 /* AMAnchoredBottomLayout.m */ = {isa = PBXFileReference; fileEncoding = 4; lastKnownFileType = sourcecode.c.objc; path = AMAnchoredBottomLayout.m; sourceTree = "<group>"; };
		FC7A79371A6064F2009BCA50 /* AMAnchoredBottomLeftLayout.h */ = {isa = PBXFileReference; fileEncoding = 4; lastKnownFileType = sourcecode.c.h; path = AMAnchoredBottomLeftLayout.h; sourceTree = "<group>"; };
		FC7A79381A6064F2009BCA50 /* AMAnchoredBottomLeftLayout.m */ = {isa = PBXFileReference; fileEncoding = 4; lastKnownFileType = sourcecode.c.objc; path = AMAnchoredBottomLeftLayout.m; sourceTree = "<group>"; };
		FC7A79391A6064F2009BCA50 /* AMAnchoredBottomRightLayout.h */ = {isa = PBXFileReference; fileEncoding = 4; lastKnownFileType = sourcecode.c.h; path = AMAnchoredBottomRightLayout.h; sourceTree = "<group>"; };
		FC7A793A1A6064F2009BCA50 /* AMAnchoredBottomRightLayout.m */ = {isa = PBXFileReference; fileEncoding = 4; lastKnownFileType = sourcecode.c.objc; path = AMAnchoredBottomRightLayout.m; sourceTree = "<group>"; };
		FC7A793B1A6064F2009BCA50 /* AMAnchoredLeftLayout.h */ = {isa = PBXFileReference; fileEncoding = 4; lastKnownFileType = sourcecode.c.h; path = AMAnchoredLeftLayout.h; sourceTree = "<group>"; };
		FC7A793C1A6064F2009BCA50 /* AMAnchoredLeftLayout.m */ = {isa = PBXFileReference; fileEncoding = 4; lastKnownFileType = sourcecode.c.objc; path = AMAnchoredLeftLayout.m; sourceTree = "<group>"; };
		FC7A793D1A6064F2009BCA50 /* AMAnchoredRightLayout.h */ = {isa = PBXFileReference; fileEncoding = 4; lastKnownFileType = sourcecode.c.h; path = AMAnchoredRightLayout.h; sourceTree = "<group>"; };
		FC7A793E1A6064F2009BCA50 /* AMAnchoredRightLayout.m */ = {isa = PBXFileReference; fileEncoding = 4; lastKnownFileType = sourcecode.c.objc; path = AMAnchoredRightLayout.m; sourceTree = "<group>"; };
		FC7A793F1A6064F2009BCA50 /* AMAnchoredTopLayout.h */ = {isa = PBXFileReference; fileEncoding = 4; lastKnownFileType = sourcecode.c.h; path = AMAnchoredTopLayout.h; sourceTree = "<group>"; };
		FC7A79401A6064F2009BCA50 /* AMAnchoredTopLayout.m */ = {isa = PBXFileReference; fileEncoding = 4; lastKnownFileType = sourcecode.c.objc; path = AMAnchoredTopLayout.m; sourceTree = "<group>"; };
		FC7A79411A6064F2009BCA50 /* AMAnchoredTopLeftLayout.h */ = {isa = PBXFileReference; fileEncoding = 4; lastKnownFileType = sourcecode.c.h; path = AMAnchoredTopLeftLayout.h; sourceTree = "<group>"; };
		FC7A79421A6064F2009BCA50 /* AMAnchoredTopLeftLayout.m */ = {isa = PBXFileReference; fileEncoding = 4; lastKnownFileType = sourcecode.c.objc; path = AMAnchoredTopLeftLayout.m; sourceTree = "<group>"; };
		FC7A79431A6064F2009BCA50 /* AMAnchoredTopRightLayout.h */ = {isa = PBXFileReference; fileEncoding = 4; lastKnownFileType = sourcecode.c.h; path = AMAnchoredTopRightLayout.h; sourceTree = "<group>"; };
		FC7A79441A6064F2009BCA50 /* AMAnchoredTopRightLayout.m */ = {isa = PBXFileReference; fileEncoding = 4; lastKnownFileType = sourcecode.c.objc; path = AMAnchoredTopRightLayout.m; sourceTree = "<group>"; };
		FC7A79451A6064F2009BCA50 /* AMExpandingLayout.h */ = {isa = PBXFileReference; fileEncoding = 4; lastKnownFileType = sourcecode.c.h; path = AMExpandingLayout.h; sourceTree = "<group>"; };
		FC7A79461A6064F2009BCA50 /* AMExpandingLayout.m */ = {isa = PBXFileReference; fileEncoding = 4; lastKnownFileType = sourcecode.c.objc; path = AMExpandingLayout.m; sourceTree = "<group>"; };
		FC7A79471A6064F2009BCA50 /* AMLayout.h */ = {isa = PBXFileReference; fileEncoding = 4; lastKnownFileType = sourcecode.c.h; path = AMLayout.h; sourceTree = "<group>"; };
		FC7A79481A6064F2009BCA50 /* AMLayout.m */ = {isa = PBXFileReference; fileEncoding = 4; lastKnownFileType = sourcecode.c.objc; path = AMLayout.m; sourceTree = "<group>"; };
		FC7A79491A6064F2009BCA50 /* AMLayoutFactory.h */ = {isa = PBXFileReference; fileEncoding = 4; lastKnownFileType = sourcecode.c.h; path = AMLayoutFactory.h; sourceTree = "<group>"; };
		FC7A794A1A6064F2009BCA50 /* AMLayoutFactory.m */ = {isa = PBXFileReference; fileEncoding = 4; lastKnownFileType = sourcecode.c.objc; path = AMLayoutFactory.m; sourceTree = "<group>"; };
		FC7A794B1A6064F2009BCA50 /* AMPositionLayout.h */ = {isa = PBXFileReference; fileEncoding = 4; lastKnownFileType = sourcecode.c.h; path = AMPositionLayout.h; sourceTree = "<group>"; };
		FC7A794C1A6064F2009BCA50 /* AMPositionLayout.m */ = {isa = PBXFileReference; fileEncoding = 4; lastKnownFileType = sourcecode.c.objc; path = AMPositionLayout.m; sourceTree = "<group>"; };
		FC7A794E1A6064F2009BCA50 /* AMCompositeTextDescriptor.h */ = {isa = PBXFileReference; fileEncoding = 4; lastKnownFileType = sourcecode.c.h; path = AMCompositeTextDescriptor.h; sourceTree = "<group>"; };
		FC7A794F1A6064F2009BCA50 /* AMCompositeTextDescriptor.m */ = {isa = PBXFileReference; fileEncoding = 4; lastKnownFileType = sourcecode.c.objc; path = AMCompositeTextDescriptor.m; sourceTree = "<group>"; };
		FC7A79501A6064F2009BCA50 /* AMTextDescriptor.h */ = {isa = PBXFileReference; fileEncoding = 4; lastKnownFileType = sourcecode.c.h; path = AMTextDescriptor.h; sourceTree = "<group>"; };
		FC7A79511A6064F2009BCA50 /* AMTextDescriptor.m */ = {isa = PBXFileReference; fileEncoding = 4; lastKnownFileType = sourcecode.c.objc; path = AMTextDescriptor.m; sourceTree = "<group>"; };
		FC7A79531A6064F2009BCA50 /* AMRuntimeLabel.h */ = {isa = PBXFileReference; fileEncoding = 4; lastKnownFileType = sourcecode.c.h; path = AMRuntimeLabel.h; sourceTree = "<group>"; };
		FC7A79541A6064F2009BCA50 /* AMRuntimeLabel.m */ = {isa = PBXFileReference; fileEncoding = 4; lastKnownFileType = sourcecode.c.objc; path = AMRuntimeLabel.m; sourceTree = "<group>"; };
		FC7A79551A6064F2009BCA50 /* AMRuntimeView.h */ = {isa = PBXFileReference; fileEncoding = 4; lastKnownFileType = sourcecode.c.h; path = AMRuntimeView.h; sourceTree = "<group>"; };
		FC7A79561A6064F2009BCA50 /* AMRuntimeView.m */ = {isa = PBXFileReference; fileEncoding = 4; lastKnownFileType = sourcecode.c.objc; path = AMRuntimeView.m; sourceTree = "<group>"; };
		FC7A79571A6064F2009BCA50 /* AMRuntimeViewHelper.h */ = {isa = PBXFileReference; fileEncoding = 4; lastKnownFileType = sourcecode.c.h; path = AMRuntimeViewHelper.h; sourceTree = "<group>"; };
		FC7A79581A6064F2009BCA50 /* AMRuntimeViewHelper.m */ = {isa = PBXFileReference; fileEncoding = 4; lastKnownFileType = sourcecode.c.objc; path = AMRuntimeViewHelper.m; sourceTree = "<group>"; };
		FC925F0B1A615463005C9ECE /* rootView.dict */ = {isa = PBXFileReference; fileEncoding = 4; lastKnownFileType = text.plist.xml; path = rootView.dict; sourceTree = "<group>"; };
		FC925FF91A618CC4005C9ECE /* _PBContainer1View.h */ = {isa = PBXFileReference; fileEncoding = 4; lastKnownFileType = sourcecode.c.h; path = _PBContainer1View.h; sourceTree = "<group>"; };
		FC925FFA1A618CC4005C9ECE /* _PBContainer1View.m */ = {isa = PBXFileReference; fileEncoding = 4; lastKnownFileType = sourcecode.c.objc; path = _PBContainer1View.m; sourceTree = "<group>"; };
		FC925FFB1A618CC4005C9ECE /* PBContainer1View.h */ = {isa = PBXFileReference; fileEncoding = 4; lastKnownFileType = sourcecode.c.h; path = PBContainer1View.h; sourceTree = "<group>"; };
		FC925FFC1A618CC4005C9ECE /* PBContainer1View.m */ = {isa = PBXFileReference; fileEncoding = 4; lastKnownFileType = sourcecode.c.objc; path = PBContainer1View.m; sourceTree = "<group>"; };
		FC925FFF1A618CC4005C9ECE /* _PBContainer2View.h */ = {isa = PBXFileReference; fileEncoding = 4; lastKnownFileType = sourcecode.c.h; path = _PBContainer2View.h; sourceTree = "<group>"; };
		FC9260001A618CC4005C9ECE /* _PBContainer2View.m */ = {isa = PBXFileReference; fileEncoding = 4; lastKnownFileType = sourcecode.c.objc; path = _PBContainer2View.m; sourceTree = "<group>"; };
		FC9260011A618CC4005C9ECE /* PBContainer2View.h */ = {isa = PBXFileReference; fileEncoding = 4; lastKnownFileType = sourcecode.c.h; path = PBContainer2View.h; sourceTree = "<group>"; };
		FC9260021A618CC4005C9ECE /* PBContainer2View.m */ = {isa = PBXFileReference; fileEncoding = 4; lastKnownFileType = sourcecode.c.objc; path = PBContainer2View.m; sourceTree = "<group>"; };
		FC9260041A618CC4005C9ECE /* _PBContainer0ViewController.h */ = {isa = PBXFileReference; fileEncoding = 4; lastKnownFileType = sourcecode.c.h; path = _PBContainer0ViewController.h; sourceTree = "<group>"; };
		FC9260051A618CC4005C9ECE /* _PBContainer0ViewController.m */ = {isa = PBXFileReference; fileEncoding = 4; lastKnownFileType = sourcecode.c.objc; path = _PBContainer0ViewController.m; sourceTree = "<group>"; };
		FC9260061A618CC4005C9ECE /* PBContainer0ViewController.h */ = {isa = PBXFileReference; fileEncoding = 4; lastKnownFileType = sourcecode.c.h; path = PBContainer0ViewController.h; sourceTree = "<group>"; };
		FC9260071A618CC4005C9ECE /* PBContainer0ViewController.m */ = {isa = PBXFileReference; fileEncoding = 4; lastKnownFileType = sourcecode.c.objc; path = PBContainer0ViewController.m; sourceTree = "<group>"; };
		FC9260091A618CC4005C9ECE /* _PBContainer0View.h */ = {isa = PBXFileReference; fileEncoding = 4; lastKnownFileType = sourcecode.c.h; path = _PBContainer0View.h; sourceTree = "<group>"; };
		FC92600A1A618CC4005C9ECE /* _PBContainer0View.m */ = {isa = PBXFileReference; fileEncoding = 4; lastKnownFileType = sourcecode.c.objc; path = _PBContainer0View.m; sourceTree = "<group>"; };
		FC92600B1A618CC4005C9ECE /* PBContainer0View.h */ = {isa = PBXFileReference; fileEncoding = 4; lastKnownFileType = sourcecode.c.h; path = PBContainer0View.h; sourceTree = "<group>"; };
		FC92600C1A618CC4005C9ECE /* PBContainer0View.m */ = {isa = PBXFileReference; fileEncoding = 4; lastKnownFileType = sourcecode.c.objc; path = PBContainer0View.m; sourceTree = "<group>"; };
/* End PBXFileReference section */

/* Begin PBXFrameworksBuildPhase section */
		FC7A781A1A6035C3009BCA50 /* Frameworks */ = {
			isa = PBXFrameworksBuildPhase;
			buildActionMask = 2147483647;
			files = (
			);
			runOnlyForDeploymentPostprocessing = 0;
		};
		FC7A78331A6035C3009BCA50 /* Frameworks */ = {
			isa = PBXFrameworksBuildPhase;
			buildActionMask = 2147483647;
			files = (
			);
			runOnlyForDeploymentPostprocessing = 0;
		};
/* End PBXFrameworksBuildPhase section */

/* Begin PBXGroup section */
		533F0C80FE788158524306B6 /* Frameworks */ = {
			isa = PBXGroup;
			children = (
			);
			name = Frameworks;
			sourceTree = "<group>";
		};
		FC7A78141A6035C3009BCA50 = {
			isa = PBXGroup;
			children = (
				FC7A78A11A604061009BCA50 /* AppMap */,
				FC7A781F1A6035C3009BCA50 /* AppMapExample */,
				FC7A78391A6035C3009BCA50 /* AppMapExampleTests */,
				FC7A781E1A6035C3009BCA50 /* Products */,
				533F0C80FE788158524306B6 /* Frameworks */,
			);
			sourceTree = "<group>";
		};
		FC7A781E1A6035C3009BCA50 /* Products */ = {
			isa = PBXGroup;
			children = (
				FC7A781D1A6035C3009BCA50 /* AppMapExample.app */,
				FC7A78361A6035C3009BCA50 /* AppMapExampleTests.xctest */,
			);
			name = Products;
			sourceTree = "<group>";
		};
		FC7A781F1A6035C3009BCA50 /* AppMapExample */ = {
			isa = PBXGroup;
			children = (
				FC925FF61A618CC4005C9ECE /* container0 */,
				FC7A78241A6035C3009BCA50 /* AppDelegate.h */,
				FC7A78251A6035C3009BCA50 /* AppDelegate.m */,
				FC7A78271A6035C3009BCA50 /* ViewController.h */,
				FC7A78281A6035C3009BCA50 /* ViewController.m */,
				FC925F0B1A615463005C9ECE /* rootView.dict */,
				FC7A782A1A6035C3009BCA50 /* Main.storyboard */,
				FC7A782D1A6035C3009BCA50 /* Images.xcassets */,
				FC7A782F1A6035C3009BCA50 /* LaunchScreen.xib */,
				FC7A78201A6035C3009BCA50 /* Supporting Files */,
			);
			path = AppMapExample;
			sourceTree = "<group>";
		};
		FC7A78201A6035C3009BCA50 /* Supporting Files */ = {
			isa = PBXGroup;
			children = (
				FC7A78211A6035C3009BCA50 /* Info.plist */,
				FC7A78221A6035C3009BCA50 /* main.m */,
			);
			name = "Supporting Files";
			sourceTree = "<group>";
		};
		FC7A78391A6035C3009BCA50 /* AppMapExampleTests */ = {
			isa = PBXGroup;
			children = (
				FC7A783C1A6035C3009BCA50 /* AppMapExampleTests.m */,
				FC7A783A1A6035C3009BCA50 /* Supporting Files */,
			);
			path = AppMapExampleTests;
			sourceTree = "<group>";
		};
		FC7A783A1A6035C3009BCA50 /* Supporting Files */ = {
			isa = PBXGroup;
			children = (
				FC7A783B1A6035C3009BCA50 /* Info.plist */,
			);
			name = "Supporting Files";
			sourceTree = "<group>";
		};
		FC7A78471A60405D009BCA50 /* ios */ = {
			isa = PBXGroup;
			children = (
				FC7A78A21A6042A4009BCA50 /* Categories */,
			);
			name = ios;
			path = ../../src/ios;
			sourceTree = "<group>";
		};
		FC7A78591A60405D009BCA50 /* shared */ = {
			isa = PBXGroup;
			children = (
				FC7A791F1A6064F2009BCA50 /* AppMap.h */,
				FC7A79201A6064F2009BCA50 /* AppMapTypes.h */,
				FC7A79211A6064F2009BCA50 /* Categories */,
				FC7A79241A6064F2009BCA50 /* Components */,
				FC7A792B1A6064F2009BCA50 /* Factory */,
				FC7A79341A6064F2009BCA50 /* Layout */,
				FC7A794D1A6064F2009BCA50 /* Utilities */,
				FC7A79521A6064F2009BCA50 /* Views */,
			);
			name = shared;
			path = ../../src/shared;
			sourceTree = "<group>";
		};
		FC7A78A11A604061009BCA50 /* AppMap */ = {
			isa = PBXGroup;
			children = (
				FC7A78471A60405D009BCA50 /* ios */,
				FC7A78591A60405D009BCA50 /* shared */,
			);
			name = AppMap;
			sourceTree = "<group>";
		};
		FC7A78A21A6042A4009BCA50 /* Categories */ = {
			isa = PBXGroup;
			children = (
				FC7A78FF1A604346009BCA50 /* UIColor+AppMap.h */,
				FC7A79001A604346009BCA50 /* UIColor+AppMap.m */,
			);
			path = Categories;
			sourceTree = "<group>";
		};
		FC7A79211A6064F2009BCA50 /* Categories */ = {
			isa = PBXGroup;
			children = (
				FC7A79221A6064F2009BCA50 /* AMColor+AMColor.h */,
				FC7A79231A6064F2009BCA50 /* AMColor+AMColor.m */,
			);
			path = Categories;
			sourceTree = "<group>";
		};
		FC7A79241A6064F2009BCA50 /* Components */ = {
			isa = PBXGroup;
			children = (
				FC7A79251A6064F2009BCA50 /* AMComponent.h */,
				FC7A79261A6064F2009BCA50 /* AMComponent.m */,
				FC7A79271A6064F2009BCA50 /* AMComponentFactory.h */,
				FC7A79281A6064F2009BCA50 /* AMComponentFactory.m */,
				FC7A79291A6064F2009BCA50 /* AMTextComponent.h */,
				FC7A792A1A6064F2009BCA50 /* AMTextComponent.m */,
			);
			path = Components;
			sourceTree = "<group>";
		};
		FC7A792B1A6064F2009BCA50 /* Factory */ = {
			isa = PBXGroup;
			children = (
				FC7A792C1A6064F2009BCA50 /* AMAppMap.h */,
				FC7A792D1A6064F2009BCA50 /* AMAppMap.m */,
				FC7A792E1A6064F2009BCA50 /* AMAppMapContainerFactory.h */,
				FC7A792F1A6064F2009BCA50 /* AMAppMapContainerFactory.m */,
				FC7A79301A6064F2009BCA50 /* AMAppMapLabelFactory.h */,
				FC7A79311A6064F2009BCA50 /* AMAppMapLabelFactory.m */,
				FC7A79321A6064F2009BCA50 /* AMAppMapViewFactory.h */,
				FC7A79331A6064F2009BCA50 /* AMAppMapViewFactory.m */,
			);
			path = Factory;
			sourceTree = "<group>";
		};
		FC7A79341A6064F2009BCA50 /* Layout */ = {
			isa = PBXGroup;
			children = (
				FC7A79351A6064F2009BCA50 /* AMAnchoredBottomLayout.h */,
				FC7A79361A6064F2009BCA50 /* AMAnchoredBottomLayout.m */,
				FC7A79371A6064F2009BCA50 /* AMAnchoredBottomLeftLayout.h */,
				FC7A79381A6064F2009BCA50 /* AMAnchoredBottomLeftLayout.m */,
				FC7A79391A6064F2009BCA50 /* AMAnchoredBottomRightLayout.h */,
				FC7A793A1A6064F2009BCA50 /* AMAnchoredBottomRightLayout.m */,
				FC7A793B1A6064F2009BCA50 /* AMAnchoredLeftLayout.h */,
				FC7A793C1A6064F2009BCA50 /* AMAnchoredLeftLayout.m */,
				FC7A793D1A6064F2009BCA50 /* AMAnchoredRightLayout.h */,
				FC7A793E1A6064F2009BCA50 /* AMAnchoredRightLayout.m */,
				FC7A793F1A6064F2009BCA50 /* AMAnchoredTopLayout.h */,
				FC7A79401A6064F2009BCA50 /* AMAnchoredTopLayout.m */,
				FC7A79411A6064F2009BCA50 /* AMAnchoredTopLeftLayout.h */,
				FC7A79421A6064F2009BCA50 /* AMAnchoredTopLeftLayout.m */,
				FC7A79431A6064F2009BCA50 /* AMAnchoredTopRightLayout.h */,
				FC7A79441A6064F2009BCA50 /* AMAnchoredTopRightLayout.m */,
				FC7A79451A6064F2009BCA50 /* AMExpandingLayout.h */,
				FC7A79461A6064F2009BCA50 /* AMExpandingLayout.m */,
				FC7A79471A6064F2009BCA50 /* AMLayout.h */,
				FC7A79481A6064F2009BCA50 /* AMLayout.m */,
				FC7A79491A6064F2009BCA50 /* AMLayoutFactory.h */,
				FC7A794A1A6064F2009BCA50 /* AMLayoutFactory.m */,
				FC7A794B1A6064F2009BCA50 /* AMPositionLayout.h */,
				FC7A794C1A6064F2009BCA50 /* AMPositionLayout.m */,
			);
			path = Layout;
			sourceTree = "<group>";
		};
		FC7A794D1A6064F2009BCA50 /* Utilities */ = {
			isa = PBXGroup;
			children = (
				FC7A794E1A6064F2009BCA50 /* AMCompositeTextDescriptor.h */,
				FC7A794F1A6064F2009BCA50 /* AMCompositeTextDescriptor.m */,
				FC7A79501A6064F2009BCA50 /* AMTextDescriptor.h */,
				FC7A79511A6064F2009BCA50 /* AMTextDescriptor.m */,
			);
			path = Utilities;
			sourceTree = "<group>";
		};
		FC7A79521A6064F2009BCA50 /* Views */ = {
			isa = PBXGroup;
			children = (
				FC7A79531A6064F2009BCA50 /* AMRuntimeLabel.h */,
				FC7A79541A6064F2009BCA50 /* AMRuntimeLabel.m */,
				FC7A79551A6064F2009BCA50 /* AMRuntimeView.h */,
				FC7A79561A6064F2009BCA50 /* AMRuntimeView.m */,
				FC7A79571A6064F2009BCA50 /* AMRuntimeViewHelper.h */,
				FC7A79581A6064F2009BCA50 /* AMRuntimeViewHelper.m */,
			);
			path = Views;
			sourceTree = "<group>";
		};
		FC925FF61A618CC4005C9ECE /* container0 */ = {
			isa = PBXGroup;
			children = (
				FC925FF71A618CC4005C9ECE /* container1 */,
				FC925FFD1A618CC4005C9ECE /* container2 */,
				FC9260031A618CC4005C9ECE /* ViewControllers */,
				FC9260081A618CC4005C9ECE /* Views */,
			);
			path = container0;
			sourceTree = "<group>";
		};
		FC925FF71A618CC4005C9ECE /* container1 */ = {
			isa = PBXGroup;
			children = (
				FC925FF81A618CC4005C9ECE /* Views */,
			);
			path = container1;
			sourceTree = "<group>";
		};
		FC925FF81A618CC4005C9ECE /* Views */ = {
			isa = PBXGroup;
			children = (
				FC925FF91A618CC4005C9ECE /* _PBContainer1View.h */,
				FC925FFA1A618CC4005C9ECE /* _PBContainer1View.m */,
				FC925FFB1A618CC4005C9ECE /* PBContainer1View.h */,
				FC925FFC1A618CC4005C9ECE /* PBContainer1View.m */,
			);
			path = Views;
			sourceTree = "<group>";
		};
		FC925FFD1A618CC4005C9ECE /* container2 */ = {
			isa = PBXGroup;
			children = (
				FC925FFE1A618CC4005C9ECE /* Views */,
			);
			path = container2;
			sourceTree = "<group>";
		};
		FC925FFE1A618CC4005C9ECE /* Views */ = {
			isa = PBXGroup;
			children = (
				FC925FFF1A618CC4005C9ECE /* _PBContainer2View.h */,
				FC9260001A618CC4005C9ECE /* _PBContainer2View.m */,
				FC9260011A618CC4005C9ECE /* PBContainer2View.h */,
				FC9260021A618CC4005C9ECE /* PBContainer2View.m */,
			);
			path = Views;
			sourceTree = "<group>";
		};
		FC9260031A618CC4005C9ECE /* ViewControllers */ = {
			isa = PBXGroup;
			children = (
				FC9260041A618CC4005C9ECE /* _PBContainer0ViewController.h */,
				FC9260051A618CC4005C9ECE /* _PBContainer0ViewController.m */,
				FC9260061A618CC4005C9ECE /* PBContainer0ViewController.h */,
				FC9260071A618CC4005C9ECE /* PBContainer0ViewController.m */,
			);
			path = ViewControllers;
			sourceTree = "<group>";
		};
		FC9260081A618CC4005C9ECE /* Views */ = {
			isa = PBXGroup;
			children = (
				FC9260091A618CC4005C9ECE /* _PBContainer0View.h */,
				FC92600A1A618CC4005C9ECE /* _PBContainer0View.m */,
				FC92600B1A618CC4005C9ECE /* PBContainer0View.h */,
				FC92600C1A618CC4005C9ECE /* PBContainer0View.m */,
			);
			path = Views;
			sourceTree = "<group>";
		};
/* End PBXGroup section */

/* Begin PBXNativeTarget section */
		FC7A781C1A6035C3009BCA50 /* AppMapExample */ = {
			isa = PBXNativeTarget;
			buildConfigurationList = FC7A78401A6035C3009BCA50 /* Build configuration list for PBXNativeTarget "AppMapExample" */;
			buildPhases = (
				FC7A78191A6035C3009BCA50 /* Sources */,
				FC7A781A1A6035C3009BCA50 /* Frameworks */,
				FC7A781B1A6035C3009BCA50 /* Resources */,
			);
			buildRules = (
			);
			dependencies = (
			);
			name = AppMapExample;
			productName = AppMapExample;
			productReference = FC7A781D1A6035C3009BCA50 /* AppMapExample.app */;
			productType = "com.apple.product-type.application";
		};
		FC7A78351A6035C3009BCA50 /* AppMapExampleTests */ = {
			isa = PBXNativeTarget;
			buildConfigurationList = FC7A78431A6035C3009BCA50 /* Build configuration list for PBXNativeTarget "AppMapExampleTests" */;
			buildPhases = (
				FC7A78321A6035C3009BCA50 /* Sources */,
				FC7A78331A6035C3009BCA50 /* Frameworks */,
				FC7A78341A6035C3009BCA50 /* Resources */,
			);
			buildRules = (
			);
			dependencies = (
				FC7A78381A6035C3009BCA50 /* PBXTargetDependency */,
			);
			name = AppMapExampleTests;
			productName = AppMapExampleTests;
			productReference = FC7A78361A6035C3009BCA50 /* AppMapExampleTests.xctest */;
			productType = "com.apple.product-type.bundle.unit-test";
		};
/* End PBXNativeTarget section */

/* Begin PBXProject section */
		FC7A78151A6035C3009BCA50 /* Project object */ = {
			isa = PBXProject;
			attributes = {
				LastUpgradeCheck = 0610;
				ORGANIZATIONNAME = "Pixelbleed LLC";
				TargetAttributes = {
					FC7A781C1A6035C3009BCA50 = {
						CreatedOnToolsVersion = 6.1.1;
					};
					FC7A78351A6035C3009BCA50 = {
						CreatedOnToolsVersion = 6.1.1;
						TestTargetID = FC7A781C1A6035C3009BCA50;
					};
				};
			};
			buildConfigurationList = FC7A78181A6035C3009BCA50 /* Build configuration list for PBXProject "AppMapExample" */;
			compatibilityVersion = "Xcode 3.2";
			developmentRegion = English;
			hasScannedForEncodings = 0;
			knownRegions = (
				en,
				Base,
			);
			mainGroup = FC7A78141A6035C3009BCA50;
			productRefGroup = FC7A781E1A6035C3009BCA50 /* Products */;
			projectDirPath = "";
			projectRoot = "";
			targets = (
				FC7A781C1A6035C3009BCA50 /* AppMapExample */,
				FC7A78351A6035C3009BCA50 /* AppMapExampleTests */,
			);
		};
/* End PBXProject section */

/* Begin PBXResourcesBuildPhase section */
		FC7A781B1A6035C3009BCA50 /* Resources */ = {
			isa = PBXResourcesBuildPhase;
			buildActionMask = 2147483647;
			files = (
				FC7A782C1A6035C3009BCA50 /* Main.storyboard in Resources */,
				FC7A78311A6035C3009BCA50 /* LaunchScreen.xib in Resources */,
				FC925F0C1A615463005C9ECE /* rootView.dict in Resources */,
				FC7A782E1A6035C3009BCA50 /* Images.xcassets in Resources */,
			);
			runOnlyForDeploymentPostprocessing = 0;
		};
		FC7A78341A6035C3009BCA50 /* Resources */ = {
			isa = PBXResourcesBuildPhase;
			buildActionMask = 2147483647;
			files = (
			);
			runOnlyForDeploymentPostprocessing = 0;
		};
/* End PBXResourcesBuildPhase section */

/* Begin PBXSourcesBuildPhase section */
		FC7A78191A6035C3009BCA50 /* Sources */ = {
			isa = PBXSourcesBuildPhase;
			buildActionMask = 2147483647;
			files = (
				FC7A796B1A6064F2009BCA50 /* AMLayoutFactory.m in Sources */,
				FC7A79601A6064F2009BCA50 /* AMAppMapViewFactory.m in Sources */,
				FC7A79661A6064F2009BCA50 /* AMAnchoredTopLayout.m in Sources */,
				FC7A78291A6035C3009BCA50 /* ViewController.m in Sources */,
				FC9260101A618CC4005C9ECE /* PBContainer2View.m in Sources */,
				FC7A79011A604346009BCA50 /* UIColor+AppMap.m in Sources */,
				FC7A795C1A6064F2009BCA50 /* AMTextComponent.m in Sources */,
				FC92600D1A618CC4005C9ECE /* _PBContainer1View.m in Sources */,
				FC7A796D1A6064F2009BCA50 /* AMCompositeTextDescriptor.m in Sources */,
				FC7A79711A6064F2009BCA50 /* AMRuntimeViewHelper.m in Sources */,
				FC7A796C1A6064F2009BCA50 /* AMPositionLayout.m in Sources */,
				FC7A795B1A6064F2009BCA50 /* AMComponentFactory.m in Sources */,
				FC9260121A618CC4005C9ECE /* PBContainer0ViewController.m in Sources */,
				FC7A78261A6035C3009BCA50 /* AppDelegate.m in Sources */,
				FC7A79691A6064F2009BCA50 /* AMExpandingLayout.m in Sources */,
				FC7A795F1A6064F2009BCA50 /* AMAppMapLabelFactory.m in Sources */,
				FC7A795E1A6064F2009BCA50 /* AMAppMapContainerFactory.m in Sources */,
				FC9260131A618CC4005C9ECE /* _PBContainer0View.m in Sources */,
				FC92600F1A618CC4005C9ECE /* _PBContainer2View.m in Sources */,
				FC7A795A1A6064F2009BCA50 /* AMComponent.m in Sources */,
				FC7A796A1A6064F2009BCA50 /* AMLayout.m in Sources */,
				FC7A79701A6064F2009BCA50 /* AMRuntimeView.m in Sources */,
				FC9260141A618CC4005C9ECE /* PBContainer0View.m in Sources */,
				FC7A796F1A6064F2009BCA50 /* AMRuntimeLabel.m in Sources */,
				FC7A79621A6064F2009BCA50 /* AMAnchoredBottomLeftLayout.m in Sources */,
				FC7A78231A6035C3009BCA50 /* main.m in Sources */,
				FC7A79591A6064F2009BCA50 /* AMColor+AMColor.m in Sources */,
				FC7A79641A6064F2009BCA50 /* AMAnchoredLeftLayout.m in Sources */,
				FC9260111A618CC4005C9ECE /* _PBContainer0ViewController.m in Sources */,
				FC7A79651A6064F2009BCA50 /* AMAnchoredRightLayout.m in Sources */,
				FC92600E1A618CC4005C9ECE /* PBContainer1View.m in Sources */,
				FC7A79611A6064F2009BCA50 /* AMAnchoredBottomLayout.m in Sources */,
				FC7A79671A6064F2009BCA50 /* AMAnchoredTopLeftLayout.m in Sources */,
				FC7A79631A6064F2009BCA50 /* AMAnchoredBottomRightLayout.m in Sources */,
				FC7A79681A6064F2009BCA50 /* AMAnchoredTopRightLayout.m in Sources */,
				FC7A795D1A6064F2009BCA50 /* AMAppMap.m in Sources */,
				FC7A796E1A6064F2009BCA50 /* AMTextDescriptor.m in Sources */,
			);
			runOnlyForDeploymentPostprocessing = 0;
		};
		FC7A78321A6035C3009BCA50 /* Sources */ = {
			isa = PBXSourcesBuildPhase;
			buildActionMask = 2147483647;
			files = (
				FC7A783D1A6035C3009BCA50 /* AppMapExampleTests.m in Sources */,
			);
			runOnlyForDeploymentPostprocessing = 0;
		};
/* End PBXSourcesBuildPhase section */

/* Begin PBXTargetDependency section */
		FC7A78381A6035C3009BCA50 /* PBXTargetDependency */ = {
			isa = PBXTargetDependency;
			target = FC7A781C1A6035C3009BCA50 /* AppMapExample */;
			targetProxy = FC7A78371A6035C3009BCA50 /* PBXContainerItemProxy */;
		};
/* End PBXTargetDependency section */

/* Begin PBXVariantGroup section */
		FC7A782A1A6035C3009BCA50 /* Main.storyboard */ = {
			isa = PBXVariantGroup;
			children = (
				FC7A782B1A6035C3009BCA50 /* Base */,
			);
			name = Main.storyboard;
			sourceTree = "<group>";
		};
		FC7A782F1A6035C3009BCA50 /* LaunchScreen.xib */ = {
			isa = PBXVariantGroup;
			children = (
				FC7A78301A6035C3009BCA50 /* Base */,
			);
			name = LaunchScreen.xib;
			sourceTree = "<group>";
		};
/* End PBXVariantGroup section */

/* Begin XCBuildConfiguration section */
		FC7A783E1A6035C3009BCA50 /* Debug */ = {
			isa = XCBuildConfiguration;
			buildSettings = {
				ALWAYS_SEARCH_USER_PATHS = NO;
				CLANG_CXX_LANGUAGE_STANDARD = "gnu++0x";
				CLANG_CXX_LIBRARY = "libc++";
				CLANG_ENABLE_MODULES = YES;
				CLANG_ENABLE_OBJC_ARC = YES;
				CLANG_WARN_BOOL_CONVERSION = YES;
				CLANG_WARN_CONSTANT_CONVERSION = YES;
				CLANG_WARN_DIRECT_OBJC_ISA_USAGE = YES_ERROR;
				CLANG_WARN_EMPTY_BODY = YES;
				CLANG_WARN_ENUM_CONVERSION = YES;
				CLANG_WARN_INT_CONVERSION = YES;
				CLANG_WARN_OBJC_ROOT_CLASS = YES_ERROR;
				CLANG_WARN_UNREACHABLE_CODE = YES;
				CLANG_WARN__DUPLICATE_METHOD_MATCH = YES;
				"CODE_SIGN_IDENTITY[sdk=iphoneos*]" = "iPhone Developer";
				COPY_PHASE_STRIP = NO;
				ENABLE_STRICT_OBJC_MSGSEND = YES;
				GCC_C_LANGUAGE_STANDARD = gnu99;
				GCC_DYNAMIC_NO_PIC = NO;
				GCC_OPTIMIZATION_LEVEL = 0;
				GCC_PREPROCESSOR_DEFINITIONS = (
					"DEBUG=1",
					"$(inherited)",
				);
				GCC_SYMBOLS_PRIVATE_EXTERN = NO;
				GCC_WARN_64_TO_32_BIT_CONVERSION = YES;
				GCC_WARN_ABOUT_RETURN_TYPE = YES_ERROR;
				GCC_WARN_UNDECLARED_SELECTOR = YES;
				GCC_WARN_UNINITIALIZED_AUTOS = YES_AGGRESSIVE;
				GCC_WARN_UNUSED_FUNCTION = YES;
				GCC_WARN_UNUSED_VARIABLE = YES;
				IPHONEOS_DEPLOYMENT_TARGET = 8.1;
				MTL_ENABLE_DEBUG_INFO = YES;
				ONLY_ACTIVE_ARCH = YES;
				SDKROOT = iphoneos;
				TARGETED_DEVICE_FAMILY = "1,2";
			};
			name = Debug;
		};
		FC7A783F1A6035C3009BCA50 /* Release */ = {
			isa = XCBuildConfiguration;
			buildSettings = {
				ALWAYS_SEARCH_USER_PATHS = NO;
				CLANG_CXX_LANGUAGE_STANDARD = "gnu++0x";
				CLANG_CXX_LIBRARY = "libc++";
				CLANG_ENABLE_MODULES = YES;
				CLANG_ENABLE_OBJC_ARC = YES;
				CLANG_WARN_BOOL_CONVERSION = YES;
				CLANG_WARN_CONSTANT_CONVERSION = YES;
				CLANG_WARN_DIRECT_OBJC_ISA_USAGE = YES_ERROR;
				CLANG_WARN_EMPTY_BODY = YES;
				CLANG_WARN_ENUM_CONVERSION = YES;
				CLANG_WARN_INT_CONVERSION = YES;
				CLANG_WARN_OBJC_ROOT_CLASS = YES_ERROR;
				CLANG_WARN_UNREACHABLE_CODE = YES;
				CLANG_WARN__DUPLICATE_METHOD_MATCH = YES;
				"CODE_SIGN_IDENTITY[sdk=iphoneos*]" = "iPhone Developer";
				COPY_PHASE_STRIP = YES;
				ENABLE_NS_ASSERTIONS = NO;
				ENABLE_STRICT_OBJC_MSGSEND = YES;
				GCC_C_LANGUAGE_STANDARD = gnu99;
				GCC_WARN_64_TO_32_BIT_CONVERSION = YES;
				GCC_WARN_ABOUT_RETURN_TYPE = YES_ERROR;
				GCC_WARN_UNDECLARED_SELECTOR = YES;
				GCC_WARN_UNINITIALIZED_AUTOS = YES_AGGRESSIVE;
				GCC_WARN_UNUSED_FUNCTION = YES;
				GCC_WARN_UNUSED_VARIABLE = YES;
				IPHONEOS_DEPLOYMENT_TARGET = 8.1;
				MTL_ENABLE_DEBUG_INFO = NO;
				SDKROOT = iphoneos;
				TARGETED_DEVICE_FAMILY = "1,2";
				VALIDATE_PRODUCT = YES;
			};
			name = Release;
		};
		FC7A78411A6035C3009BCA50 /* Debug */ = {
			isa = XCBuildConfiguration;
			buildSettings = {
				ASSETCATALOG_COMPILER_APPICON_NAME = AppIcon;
				INFOPLIST_FILE = AppMapExample/Info.plist;
				LD_RUNPATH_SEARCH_PATHS = "$(inherited) @executable_path/Frameworks";
				PRODUCT_NAME = "$(TARGET_NAME)";
			};
			name = Debug;
		};
		FC7A78421A6035C3009BCA50 /* Release */ = {
			isa = XCBuildConfiguration;
			buildSettings = {
				ASSETCATALOG_COMPILER_APPICON_NAME = AppIcon;
				INFOPLIST_FILE = AppMapExample/Info.plist;
				LD_RUNPATH_SEARCH_PATHS = "$(inherited) @executable_path/Frameworks";
				PRODUCT_NAME = "$(TARGET_NAME)";
			};
			name = Release;
		};
		FC7A78441A6035C3009BCA50 /* Debug */ = {
			isa = XCBuildConfiguration;
			buildSettings = {
				BUNDLE_LOADER = "$(TEST_HOST)";
				FRAMEWORK_SEARCH_PATHS = (
					"$(SDKROOT)/Developer/Library/Frameworks",
					"$(inherited)",
				);
				GCC_PREPROCESSOR_DEFINITIONS = (
					"DEBUG=1",
					"$(inherited)",
				);
				INFOPLIST_FILE = AppMapExampleTests/Info.plist;
				LD_RUNPATH_SEARCH_PATHS = "$(inherited) @executable_path/Frameworks @loader_path/Frameworks";
				PRODUCT_NAME = "$(TARGET_NAME)";
				TEST_HOST = "$(BUILT_PRODUCTS_DIR)/AppMapExample.app/AppMapExample";
			};
			name = Debug;
		};
		FC7A78451A6035C3009BCA50 /* Release */ = {
			isa = XCBuildConfiguration;
			buildSettings = {
				BUNDLE_LOADER = "$(TEST_HOST)";
				FRAMEWORK_SEARCH_PATHS = (
					"$(SDKROOT)/Developer/Library/Frameworks",
					"$(inherited)",
				);
				INFOPLIST_FILE = AppMapExampleTests/Info.plist;
				LD_RUNPATH_SEARCH_PATHS = "$(inherited) @executable_path/Frameworks @loader_path/Frameworks";
				PRODUCT_NAME = "$(TARGET_NAME)";
				TEST_HOST = "$(BUILT_PRODUCTS_DIR)/AppMapExample.app/AppMapExample";
			};
			name = Release;
		};
/* End XCBuildConfiguration section */

/* Begin XCConfigurationList section */
		FC7A78181A6035C3009BCA50 /* Build configuration list for PBXProject "AppMapExample" */ = {
			isa = XCConfigurationList;
			buildConfigurations = (
				FC7A783E1A6035C3009BCA50 /* Debug */,
				FC7A783F1A6035C3009BCA50 /* Release */,
			);
			defaultConfigurationIsVisible = 0;
			defaultConfigurationName = Release;
		};
		FC7A78401A6035C3009BCA50 /* Build configuration list for PBXNativeTarget "AppMapExample" */ = {
			isa = XCConfigurationList;
			buildConfigurations = (
				FC7A78411A6035C3009BCA50 /* Debug */,
				FC7A78421A6035C3009BCA50 /* Release */,
			);
			defaultConfigurationIsVisible = 0;
			defaultConfigurationName = Release;
		};
		FC7A78431A6035C3009BCA50 /* Build configuration list for PBXNativeTarget "AppMapExampleTests" */ = {
			isa = XCConfigurationList;
			buildConfigurations = (
				FC7A78441A6035C3009BCA50 /* Debug */,
				FC7A78451A6035C3009BCA50 /* Release */,
			);
			defaultConfigurationIsVisible = 0;
			defaultConfigurationName = Release;
		};
/* End XCConfigurationList section */
	};
	rootObject = FC7A78151A6035C3009BCA50 /* Project object */;
}
